<?xml version="1.0" encoding="utf-8"?>
<Project ToolsVersion="4.0" xmlns="http://schemas.microsoft.com/developer/msbuild/2003">
  <ItemGroup>
    <Filter Include="Source Files">
      <UniqueIdentifier>{4FC737F1-C7A5-4376-A066-2A32D752A2FF}</UniqueIdentifier>
      <Extensions>cpp;c;cc;cxx;def;odl;idl;hpj;bat;asm;asmx</Extensions>
    </Filter>
    <Filter Include="Header Files">
      <UniqueIdentifier>{93995380-89BD-4b04-88EB-625FBE52EBFB}</UniqueIdentifier>
      <Extensions>h;hpp;hxx;hm;inl;inc;xsd</Extensions>
    </Filter>
    <Filter Include="Resource Files">
      <UniqueIdentifier>{67DA6AB6-F800-4c08-8B7A-83BB121AAD01}</UniqueIdentifier>
      <Extensions>rc;ico;cur;bmp;dlg;rc2;rct;bin;rgs;gif;jpg;jpeg;jpe;resx;tiff;tif;png;wav</Extensions>
    </Filter>
    <Filter Include="Blocks">
      <UniqueIdentifier>{9A02BA47-752E-4836-BF8C-42B73EE18952}</UniqueIdentifier>
    </Filter>
    <Filter Include="Blocks\ImGui">
      <UniqueIdentifier>{CC75F879-C9B4-42B8-92C3-D91250FDB17F}</UniqueIdentifier>
    </Filter>
    <Filter Include="Blocks\ImGui\include">
      <UniqueIdentifier>{76E979B4-4B22-445D-B1D7-29FF99058D3F}</UniqueIdentifier>
    </Filter>
    <Filter Include="Blocks\ImGui\lib">
      <UniqueIdentifier>{9D2A2768-2DBC-44BA-95CA-35FEB3754BB0}</UniqueIdentifier>
    </Filter>
    <Filter Include="Blocks\ImGui\lib\imgui">
      <UniqueIdentifier>{298D8A8B-0D4F-4ED8-8DCC-01FB3531CE79}</UniqueIdentifier>
    </Filter>
    <Filter Include="Blocks\ImGui\src">
      <UniqueIdentifier>{A6BAF3C5-9076-4EEB-BC0F-DCB42FCD2975}</UniqueIdentifier>
    </Filter>
    <Filter Include="Blocks\OSC">
      <UniqueIdentifier>{C6BD6F4C-2D91-4478-A395-27500BD27EDA}</UniqueIdentifier>
    </Filter>
    <Filter Include="Blocks\OSC\src">
      <UniqueIdentifier>{89831883-181C-4221-AED1-E59A0AE61427}</UniqueIdentifier>
    </Filter>
    <Filter Include="Blocks\OSC\src\cinder">
      <UniqueIdentifier>{9D7F7CB0-7102-43AC-8CBA-E9B3B1C49F4E}</UniqueIdentifier>
    </Filter>
    <Filter Include="Blocks\OSC\src\cinder\osc">
      <UniqueIdentifier>{170E7E2F-5DC5-41EA-83CC-D580BDB2D9B1}</UniqueIdentifier>
    </Filter>
    <Filter Include="Blocks\TUIO">
      <UniqueIdentifier>{AD61D382-759C-42F4-BB0A-4B69847E9ABC}</UniqueIdentifier>
    </Filter>
    <Filter Include="Blocks\TUIO\src">
      <UniqueIdentifier>{9F3D54F3-2DD1-4714-AB82-FBFF66A12345}</UniqueIdentifier>
    </Filter>
    <Filter Include="Blocks\TUIO\src\cinder">
      <UniqueIdentifier>{C128DFEF-C5D2-4926-9AAA-1CABF78679E6}</UniqueIdentifier>
    </Filter>
    <Filter Include="Blocks\TUIO\src\cinder\tuio">
      <UniqueIdentifier>{870D5725-5CF8-42DC-988A-5305D07E6553}</UniqueIdentifier>
    </Filter>
    <Filter Include="Blocks\VNM">
      <UniqueIdentifier>{a5362345-b37d-47b2-b6d0-53b825f88d97}</UniqueIdentifier>
    </Filter>
  </ItemGroup>
  <ItemGroup>
    <ClCompile Include="..\src\TuioGatewayApp.cpp">
      <Filter>Source Files</Filter>
    </ClCompile>
    <ClInclude Include="..\include\Resources.h">
      <Filter>Header Files</Filter>
    </ClInclude>
    <ClInclude Include="..\include\item.def">
      <Filter>Header Files</Filter>
    </ClInclude>
    <ClCompile Include="..\src\TuioGatewayApp.cpp">
      <Filter>Source Files</Filter>
    </ClCompile>
    <ClInclude Include="..\..\Cinder\blocks\Cinder-ImGui\include\CinderImGui.h">
      <Filter>Blocks\ImGui\include</Filter>
    </ClInclude>
    <ClInclude Include="..\..\Cinder\blocks\Cinder-ImGui\lib\imgui\imconfig.h">
      <Filter>Blocks\ImGui\lib\imgui</Filter>
    </ClInclude>
    <ClInclude Include="..\..\Cinder\blocks\Cinder-ImGui\lib\imgui\imgui.h">
      <Filter>Blocks\ImGui\lib\imgui</Filter>
    </ClInclude>
    <ClInclude Include="..\..\Cinder\blocks\Cinder-ImGui\lib\imgui\imgui_internal.h">
      <Filter>Blocks\ImGui\lib\imgui</Filter>
    </ClInclude>
    <ClCompile Include="..\..\Cinder\blocks\Cinder-ImGui\src\CinderImGui.cpp">
      <Filter>Blocks\ImGui\src</Filter>
    </ClCompile>
    <ClCompile Include="..\..\Cinder\blocks\Cinder-ImGui\lib\imgui\imgui.cpp">
      <Filter>Blocks\ImGui\lib\imgui</Filter>
    </ClCompile>
    <ClCompile Include="..\..\Cinder\blocks\Cinder-ImGui\lib\imgui\imgui_draw.cpp">
      <Filter>Blocks\ImGui\lib\imgui</Filter>
    </ClCompile>
    <ClCompile Include="..\..\Cinder\blocks\Cinder-ImGui\lib\imgui\imgui_demo.cpp">
      <Filter>Blocks\ImGui\lib\imgui</Filter>
    </ClCompile>
    <ClCompile Include="..\..\Cinder\blocks\OSC\src\cinder\osc\Osc.cpp">
      <Filter>Blocks\OSC\src\cinder\osc</Filter>
    </ClCompile>
    <ClInclude Include="..\..\Cinder\blocks\OSC\src\cinder\osc\Osc.h">
      <Filter>Blocks\OSC\src\cinder\osc</Filter>
    </ClInclude>
    <ClCompile Include="..\..\Cinder\blocks\TUIO\src\cinder\tuio\Tuio.cpp">
      <Filter>Blocks\TUIO\src\cinder\tuio</Filter>
    </ClCompile>
    <ClInclude Include="..\..\Cinder\blocks\TUIO\src\cinder\tuio\Tuio.h">
      <Filter>Blocks\TUIO\src\cinder\tuio</Filter>
    </ClInclude>
    <ClCompile Include="..\..\Cinder\blocks\Cinder-ImGui\lib\ImGuizmo\ImGuizmo.cpp">
      <Filter>Blocks\ImGui\lib\imgui</Filter>
    </ClCompile>
    <ClCompile Include="..\..\Cinder\blocks\Cinder-VNM\src\AssetManager.cpp">
      <Filter>Blocks\VNM</Filter>
    </ClCompile>
    <ClCompile Include="..\..\Cinder\blocks\Cinder-VNM\src\MiniConfig.cpp">
      <Filter>Blocks\VNM</Filter>
    </ClCompile>
  </ItemGroup>
  <ItemGroup>
    <ClInclude Include="..\include\Resources.h">
      <Filter>Header Files</Filter>
    </ClInclude>
    <ClInclude Include="..\..\Cinder\blocks\Cinder-ImGui\lib\ImGuizmo\ImGuizmo.h">
      <Filter>Blocks\ImGui\lib\imgui</Filter>
    </ClInclude>
    <ClInclude Include="..\..\Cinder\blocks\Cinder-VNM\include\AssetManager.h">
      <Filter>Blocks\VNM</Filter>
    </ClInclude>
    <ClInclude Include="..\..\Cinder\blocks\Cinder-VNM\include\CaptureHelper.h">
      <Filter>Blocks\VNM</Filter>
    </ClInclude>
    <ClInclude Include="..\..\Cinder\blocks\Cinder-VNM\include\FontHelper.h">
      <Filter>Blocks\VNM</Filter>
    </ClInclude>
    <ClInclude Include="..\..\Cinder\blocks\Cinder-VNM\include\GlslParamsBuilder.h">
      <Filter>Blocks\VNM</Filter>
    </ClInclude>
    <ClInclude Include="..\..\Cinder\blocks\Cinder-VNM\include\GlslParamsBuilderImgui.h">
      <Filter>Blocks\VNM</Filter>
    </ClInclude>
    <ClInclude Include="..\..\Cinder\blocks\Cinder-VNM\include\MiniConfig.h">
      <Filter>Blocks\VNM</Filter>
    </ClInclude>
    <ClInclude Include="..\..\Cinder\blocks\Cinder-VNM\include\MiniConfigImgui.h">
      <Filter>Blocks\VNM</Filter>
    </ClInclude>
    <ClInclude Include="..\..\Cinder\blocks\Cinder-VNM\include\MotionHelper.h">
      <Filter>Blocks\VNM</Filter>
    </ClInclude>
    <ClInclude Include="..\..\Cinder\blocks\Cinder-VNM\include\StateMachine.h">
      <Filter>Blocks\VNM</Filter>
    </ClInclude>
    <ClInclude Include="..\..\Cinder\blocks\Cinder-VNM\include\TextureHelper.h">
      <Filter>Blocks\VNM</Filter>
    </ClInclude>
  </ItemGroup>
  <ItemGroup>
    <ResourceCompile Include="Resources.rc">
      <Filter>Resource Files</Filter>
    </ResourceCompile>
  </ItemGroup>
  <ItemGroup>
    <Xml Include="..\assets\MiniConfig.xml">
      <Filter>Resource Files</Filter>
    </Xml>
  </ItemGroup>
</Project>