// !$*UTF8*$!
{
	archiveVersion = 1;
	classes = {
	};
	objectVersion = 46;
	objects = {

/* Begin PBXBuildFile section */
		006D720419952D00008149E2 /* AVFoundation.framework in Frameworks */ = {isa = PBXBuildFile; fileRef = 006D720219952D00008149E2 /* AVFoundation.framework */; };
		006D720519952D00008149E2 /* CoreMedia.framework in Frameworks */ = {isa = PBXBuildFile; fileRef = 006D720319952D00008149E2 /* CoreMedia.framework */; };
		0091D8F90E81B9330029341E /* OpenGL.framework in Frameworks */ = {isa = PBXBuildFile; fileRef = 0091D8F80E81B9330029341E /* OpenGL.framework */; };
		00B784B30FF439BC000DE1D7 /* Accelerate.framework in Frameworks */ = {isa = PBXBuildFile; fileRef = 00B784AF0FF439BC000DE1D7 /* Accelerate.framework */; };
		00B784B40FF439BC000DE1D7 /* AudioToolbox.framework in Frameworks */ = {isa = PBXBuildFile; fileRef = 00B784B00FF439BC000DE1D7 /* AudioToolbox.framework */; };
		00B784B50FF439BC000DE1D7 /* AudioUnit.framework in Frameworks */ = {isa = PBXBuildFile; fileRef = 00B784B10FF439BC000DE1D7 /* AudioUnit.framework */; };
		00B784B60FF439BC000DE1D7 /* CoreAudio.framework in Frameworks */ = {isa = PBXBuildFile; fileRef = 00B784B20FF439BC000DE1D7 /* CoreAudio.framework */; };
		00B9955A1B128DF400A5C623 /* IOKit.framework in Frameworks */ = {isa = PBXBuildFile; fileRef = 00B995581B128DF400A5C623 /* IOKit.framework */; };
		00B9955B1B128DF400A5C623 /* IOSurface.framework in Frameworks */ = {isa = PBXBuildFile; fileRef = 00B995591B128DF400A5C623 /* IOSurface.framework */; };
		5323E6B20EAFCA74003A9687 /* CoreVideo.framework in Frameworks */ = {isa = PBXBuildFile; fileRef = 5323E6B10EAFCA74003A9687 /* CoreVideo.framework */; };
		8D11072F0486CEB800E47090 /* Cocoa.framework in Frameworks */ = {isa = PBXBuildFile; fileRef = 1058C7A1FEA54F0111CA2CBB /* Cocoa.framework */; };
		68A82BD2BF454EA89BF10946 /* Tuio.h in Headers */ = {isa = PBXBuildFile; fileRef = 1963EF3F19404A9BAAE50261 /* Tuio.h */; };
		E36D7D30E84F44C0BBCF38FD /* Tuio.cpp in Sources */ = {isa = PBXBuildFile; fileRef = 6E256B771D1440E39F8B12AE /* Tuio.cpp */; };
		9792BE5D6D394F45AA1F1131 /* Osc.h in Headers */ = {isa = PBXBuildFile; fileRef = D4F595C29A114A319B2DA4D9 /* Osc.h */; };
		6772CC6020EC43139722C0E3 /* Osc.cpp in Sources */ = {isa = PBXBuildFile; fileRef = 555484404B4C467C9DA97456 /* Osc.cpp */; };
		52C906873A8A459B9583D5F4 /* TuioHelper.h in Headers */ = {isa = PBXBuildFile; fileRef = B019127E340040E187BEDF98 /* TuioHelper.h */; };
		361449F149014CC6BD9A90C3 /* TextureHelper.h in Headers */ = {isa = PBXBuildFile; fileRef = D49633C1FE9343188C5AE933 /* TextureHelper.h */; };
		9543F9E1C2C3447787A95A04 /* StateMachine.h in Headers */ = {isa = PBXBuildFile; fileRef = 39CB8D697D214D73874A05CA /* StateMachine.h */; };
		32B56393F7AB4DAEA37384B2 /* OscHelper.h in Headers */ = {isa = PBXBuildFile; fileRef = 4D1C599C789F4B958A88E6EC /* OscHelper.h */; };
		01510857855C488C81465992 /* NvOptimusEnablement.h in Headers */ = {isa = PBXBuildFile; fileRef = AFA394542F0E47118B19FE37 /* NvOptimusEnablement.h */; };
		33BCA555F18D4877BF70ADB5 /* MotionHelper.h in Headers */ = {isa = PBXBuildFile; fileRef = D1041301CFF848B7A4CF4157 /* MotionHelper.h */; };
		277E069401AE4E979E43CC37 /* MiniConfigImgui.h in Headers */ = {isa = PBXBuildFile; fileRef = A278F98EC3F34D9F9A5BCA76 /* MiniConfigImgui.h */; };
		6DBB754815204AE995C5EEF8 /* MiniConfig.h in Headers */ = {isa = PBXBuildFile; fileRef = 5C277D01E6D043289F0F4D4A /* MiniConfig.h */; };
		603FF7D9FDEA45A1AF1104E0 /* GlslParamsBuilderImgui.h in Headers */ = {isa = PBXBuildFile; fileRef = 8A3F87B7C943432BA886C09D /* GlslParamsBuilderImgui.h */; };
		CEC861D4C2DD482DBD7D98AB /* GlslParamsBuilder.h in Headers */ = {isa = PBXBuildFile; fileRef = 110216AB915E43A5A64056E6 /* GlslParamsBuilder.h */; };
		3D430D5F977C42669BFCE7B1 /* FontHelper.h in Headers */ = {isa = PBXBuildFile; fileRef = D1B30BF698AE4C31BF051509 /* FontHelper.h */; };
		09932B71CA8B4890951BB06F /* CaptureHelper.h in Headers */ = {isa = PBXBuildFile; fileRef = 3D17876782CB4E4AB8AD731D /* CaptureHelper.h */; };
		C50A0782834743D198D6A9EC /* AssetManager.h in Headers */ = {isa = PBXBuildFile; fileRef = 13B65F1E474542A1B7ADB1B0 /* AssetManager.h */; };
		67A5346201854213A259F298 /* AnsiToUtf.h in Headers */ = {isa = PBXBuildFile; fileRef = EE09BA441B9B4C20BA072105 /* AnsiToUtf.h */; };
		1E1A8A9535F047B2B36BBC89 /* MiniConfig.cpp in Sources */ = {isa = PBXBuildFile; fileRef = 0CAD44A6CCFC4CC297A68E4C /* MiniConfig.cpp */; };
		0B10965F5EF545BF9633817B /* AssetManager.cpp in Sources */ = {isa = PBXBuildFile; fileRef = A11C06FA039743948D74177E /* AssetManager.cpp */; };
		9CC8F6A3B4544A1D9343A42B /* TuioGateway_Prefix.pch in Headers */ = {isa = PBXBuildFile; fileRef = 58D310EF55F24E15B5C50AE7 /* TuioGateway_Prefix.pch */; };
		8EB0B6C472CC412EA9919233 /* CinderApp.icns in Resources */ = {isa = PBXBuildFile; fileRef = 236838974480465BA8EC383F /* CinderApp.icns */; };
		86C82E8605B44EAF8DD21D55 /* Resources.h in Headers */ = {isa = PBXBuildFile; fileRef = 038E382DC59D468394C85C1F /* Resources.h */; };
		4D1FE8CFA8DD4430B12DACDD /* TuioGatewayApp.cpp in Sources */ = {isa = PBXBuildFile; fileRef = F34A8F08E02846CFADE464C0 /* TuioGatewayApp.cpp */; };
/* End PBXBuildFile section */

/* Begin PBXFileReference section */
		006D720219952D00008149E2 /* AVFoundation.framework */ = {isa = PBXFileReference; lastKnownFileType = wrapper.framework; name = AVFoundation.framework; path = System/Library/Frameworks/AVFoundation.framework; sourceTree = SDKROOT; };
		006D720319952D00008149E2 /* CoreMedia.framework */ = {isa = PBXFileReference; lastKnownFileType = wrapper.framework; name = CoreMedia.framework; path = System/Library/Frameworks/CoreMedia.framework; sourceTree = SDKROOT; };
		0091D8F80E81B9330029341E /* OpenGL.framework */ = {isa = PBXFileReference; lastKnownFileType = wrapper.framework; name = OpenGL.framework; path = /System/Library/Frameworks/OpenGL.framework; sourceTree = "<absolute>"; };
		00B784AF0FF439BC000DE1D7 /* Accelerate.framework */ = {isa = PBXFileReference; lastKnownFileType = wrapper.framework; name = Accelerate.framework; path = System/Library/Frameworks/Accelerate.framework; sourceTree = SDKROOT; };
		00B784B00FF439BC000DE1D7 /* AudioToolbox.framework */ = {isa = PBXFileReference; lastKnownFileType = wrapper.framework; name = AudioToolbox.framework; path = System/Library/Frameworks/AudioToolbox.framework; sourceTree = SDKROOT; };
		00B784B10FF439BC000DE1D7 /* AudioUnit.framework */ = {isa = PBXFileReference; lastKnownFileType = wrapper.framework; name = AudioUnit.framework; path = System/Library/Frameworks/AudioUnit.framework; sourceTree = SDKROOT; };
		00B784B20FF439BC000DE1D7 /* CoreAudio.framework */ = {isa = PBXFileReference; lastKnownFileType = wrapper.framework; name = CoreAudio.framework; path = System/Library/Frameworks/CoreAudio.framework; sourceTree = SDKROOT; };
		00B995581B128DF400A5C623 /* IOKit.framework */ = {isa = PBXFileReference; lastKnownFileType = wrapper.framework; name = IOKit.framework; path = System/Library/Frameworks/IOKit.framework; sourceTree = SDKROOT; };
		00B995591B128DF400A5C623 /* IOSurface.framework */ = {isa = PBXFileReference; lastKnownFileType = wrapper.framework; name = IOSurface.framework; path = System/Library/Frameworks/IOSurface.framework; sourceTree = SDKROOT; };
		1058C7A1FEA54F0111CA2CBB /* Cocoa.framework */ = {isa = PBXFileReference; lastKnownFileType = wrapper.framework; name = Cocoa.framework; path = /System/Library/Frameworks/Cocoa.framework; sourceTree = "<absolute>"; };
		29B97324FDCFA39411CA2CEA /* AppKit.framework */ = {isa = PBXFileReference; lastKnownFileType = wrapper.framework; name = AppKit.framework; path = /System/Library/Frameworks/AppKit.framework; sourceTree = "<absolute>"; };
		29B97325FDCFA39411CA2CEA /* Foundation.framework */ = {isa = PBXFileReference; lastKnownFileType = wrapper.framework; name = Foundation.framework; path = /System/Library/Frameworks/Foundation.framework; sourceTree = "<absolute>"; };
		5323E6B10EAFCA74003A9687 /* CoreVideo.framework */ = {isa = PBXFileReference; lastKnownFileType = wrapper.framework; name = CoreVideo.framework; path = /System/Library/Frameworks/CoreVideo.framework; sourceTree = "<absolute>"; };
		8D1107320486CEB800E47090 /* TuioGateway.app */ = {isa = PBXFileReference; explicitFileType = wrapper.application; includeInIndex = 0; path = TuioGateway.app; sourceTree = BUILT_PRODUCTS_DIR; };
		F34A8F08E02846CFADE464C0 /* TuioGatewayApp.cpp */ = {isa = PBXFileReference; lastKnownFileType = sourcecode.c.cpp; path = ../src/TuioGatewayApp.cpp; sourceTree = "<group>"; name = TuioGatewayApp.cpp; };
		038E382DC59D468394C85C1F /* Resources.h */ = {isa = PBXFileReference; lastKnownFileType = sourcecode.c.h; path = ../include/Resources.h; sourceTree = "<group>"; name = Resources.h; };
		236838974480465BA8EC383F /* CinderApp.icns */ = {isa = PBXFileReference; lastKnownFileType = image.icns; path = ../resources/CinderApp.icns; sourceTree = "<group>"; name = CinderApp.icns; };
		827280B88D3E4FF7BE3915C4 /* Info.plist */ = {isa = PBXFileReference; lastKnownFileType = text.plist.xml; path = Info.plist; sourceTree = "<group>"; name = Info.plist; };
		58D310EF55F24E15B5C50AE7 /* TuioGateway_Prefix.pch */ = {isa = PBXFileReference; lastKnownFileType = "\"\""; path = TuioGateway_Prefix.pch; sourceTree = "<group>"; name = TuioGateway_Prefix.pch; };
		A11C06FA039743948D74177E /* AssetManager.cpp */ = {isa = PBXFileReference; path = "../../../Cinder/blocks/Cinder-VNM/src/AssetManager.cpp"; sourceTree = "<group>"; explicitFileType = "\"\""; name = AssetManager.cpp; };
		0CAD44A6CCFC4CC297A68E4C /* MiniConfig.cpp */ = {isa = PBXFileReference; path = "../../../Cinder/blocks/Cinder-VNM/src/MiniConfig.cpp"; sourceTree = "<group>"; explicitFileType = "\"\""; name = MiniConfig.cpp; };
		EE09BA441B9B4C20BA072105 /* AnsiToUtf.h */ = {isa = PBXFileReference; lastKnownFileType = sourcecode.c.h; path = "../../../Cinder/blocks/Cinder-VNM/include/AnsiToUtf.h"; sourceTree = "<group>"; name = AnsiToUtf.h; };
		13B65F1E474542A1B7ADB1B0 /* AssetManager.h */ = {isa = PBXFileReference; lastKnownFileType = sourcecode.c.h; path = "../../../Cinder/blocks/Cinder-VNM/include/AssetManager.h"; sourceTree = "<group>"; name = AssetManager.h; };
		3D17876782CB4E4AB8AD731D /* CaptureHelper.h */ = {isa = PBXFileReference; lastKnownFileType = sourcecode.c.h; path = "../../../Cinder/blocks/Cinder-VNM/include/CaptureHelper.h"; sourceTree = "<group>"; name = CaptureHelper.h; };
		D1B30BF698AE4C31BF051509 /* FontHelper.h */ = {isa = PBXFileReference; lastKnownFileType = sourcecode.c.h; path = "../../../Cinder/blocks/Cinder-VNM/include/FontHelper.h"; sourceTree = "<group>"; name = FontHelper.h; };
		110216AB915E43A5A64056E6 /* GlslParamsBuilder.h */ = {isa = PBXFileReference; lastKnownFileType = sourcecode.c.h; path = "../../../Cinder/blocks/Cinder-VNM/include/GlslParamsBuilder.h"; sourceTree = "<group>"; name = GlslParamsBuilder.h; };
		8A3F87B7C943432BA886C09D /* GlslParamsBuilderImgui.h */ = {isa = PBXFileReference; lastKnownFileType = sourcecode.c.h; path = "../../../Cinder/blocks/Cinder-VNM/include/GlslParamsBuilderImgui.h"; sourceTree = "<group>"; name = GlslParamsBuilderImgui.h; };
		5C277D01E6D043289F0F4D4A /* MiniConfig.h */ = {isa = PBXFileReference; lastKnownFileType = sourcecode.c.h; path = "../../../Cinder/blocks/Cinder-VNM/include/MiniConfig.h"; sourceTree = "<group>"; name = MiniConfig.h; };
		A278F98EC3F34D9F9A5BCA76 /* MiniConfigImgui.h */ = {isa = PBXFileReference; lastKnownFileType = sourcecode.c.h; path = "../../../Cinder/blocks/Cinder-VNM/include/MiniConfigImgui.h"; sourceTree = "<group>"; name = MiniConfigImgui.h; };
		D1041301CFF848B7A4CF4157 /* MotionHelper.h */ = {isa = PBXFileReference; lastKnownFileType = sourcecode.c.h; path = "../../../Cinder/blocks/Cinder-VNM/include/MotionHelper.h"; sourceTree = "<group>"; name = MotionHelper.h; };
		AFA394542F0E47118B19FE37 /* NvOptimusEnablement.h */ = {isa = PBXFileReference; lastKnownFileType = sourcecode.c.h; path = "../../../Cinder/blocks/Cinder-VNM/include/NvOptimusEnablement.h"; sourceTree = "<group>"; name = NvOptimusEnablement.h; };
		4D1C599C789F4B958A88E6EC /* OscHelper.h */ = {isa = PBXFileReference; lastKnownFileType = sourcecode.c.h; path = "../../../Cinder/blocks/Cinder-VNM/include/OscHelper.h"; sourceTree = "<group>"; name = OscHelper.h; };
		39CB8D697D214D73874A05CA /* StateMachine.h */ = {isa = PBXFileReference; lastKnownFileType = sourcecode.c.h; path = "../../../Cinder/blocks/Cinder-VNM/include/StateMachine.h"; sourceTree = "<group>"; name = StateMachine.h; };
		D49633C1FE9343188C5AE933 /* TextureHelper.h */ = {isa = PBXFileReference; lastKnownFileType = sourcecode.c.h; path = "../../../Cinder/blocks/Cinder-VNM/include/TextureHelper.h"; sourceTree = "<group>"; name = TextureHelper.h; };
		B019127E340040E187BEDF98 /* TuioHelper.h */ = {isa = PBXFileReference; lastKnownFileType = sourcecode.c.h; path = "../../../Cinder/blocks/Cinder-VNM/include/TuioHelper.h"; sourceTree = "<group>"; name = TuioHelper.h; };
		555484404B4C467C9DA97456 /* Osc.cpp */ = {isa = PBXFileReference; lastKnownFileType = sourcecode.c.cpp; path = ../../../Cinder/blocks/OSC/src/cinder/osc/Osc.cpp; sourceTree = "<group>"; name = Osc.cpp; };
		D4F595C29A114A319B2DA4D9 /* Osc.h */ = {isa = PBXFileReference; lastKnownFileType = sourcecode.c.h; path = ../../../Cinder/blocks/OSC/src/cinder/osc/Osc.h; sourceTree = "<group>"; name = Osc.h; };
		6E256B771D1440E39F8B12AE /* Tuio.cpp */ = {isa = PBXFileReference; lastKnownFileType = sourcecode.c.cpp; path = ../../../Cinder/blocks/TUIO/src/cinder/tuio/Tuio.cpp; sourceTree = "<group>"; name = Tuio.cpp; };
		1963EF3F19404A9BAAE50261 /* Tuio.h */ = {isa = PBXFileReference; lastKnownFileType = sourcecode.c.h; path = ../../../Cinder/blocks/TUIO/src/cinder/tuio/Tuio.h; sourceTree = "<group>"; name = Tuio.h; };
/* End PBXFileReference section */

/* Begin PBXFrameworksBuildPhase section */
		8D11072E0486CEB800E47090 /* Frameworks */ = {
			isa = PBXFrameworksBuildPhase;
			buildActionMask = 2147483647;
			files = (
				006D720419952D00008149E2 /* AVFoundation.framework in Frameworks */,
				006D720519952D00008149E2 /* CoreMedia.framework in Frameworks */,
				8D11072F0486CEB800E47090 /* Cocoa.framework in Frameworks */,
				0091D8F90E81B9330029341E /* OpenGL.framework in Frameworks */,
				5323E6B20EAFCA74003A9687 /* CoreVideo.framework in Frameworks */,
				00B784B30FF439BC000DE1D7 /* Accelerate.framework in Frameworks */,
				00B784B40FF439BC000DE1D7 /* AudioToolbox.framework in Frameworks */,
				00B784B50FF439BC000DE1D7 /* AudioUnit.framework in Frameworks */,
				00B784B60FF439BC000DE1D7 /* CoreAudio.framework in Frameworks */,
				00B9955A1B128DF400A5C623 /* IOKit.framework in Frameworks */,
				00B9955B1B128DF400A5C623 /* IOSurface.framework in Frameworks */,
			);
			runOnlyForDeploymentPostprocessing = 0;
		};
/* End PBXFrameworksBuildPhase section */

/* Begin PBXGroup section */
		080E96DDFE201D6D7F000001 /* Source */ = {
			isa = PBXGroup;
			children = (
				F34A8F08E02846CFADE464C0 /* TuioGatewayApp.cpp */,
			);
			name = Source;
			sourceTree = "<group>";
		};
		1058C7A0FEA54F0111CA2CBB /* Linked Frameworks */ = {
			isa = PBXGroup;
			children = (
				006D720219952D00008149E2 /* AVFoundation.framework */,
				006D720319952D00008149E2 /* CoreMedia.framework */,
				00B784AF0FF439BC000DE1D7 /* Accelerate.framework */,
				00B784B00FF439BC000DE1D7 /* AudioToolbox.framework */,
				00B784B10FF439BC000DE1D7 /* AudioUnit.framework */,
				00B784B20FF439BC000DE1D7 /* CoreAudio.framework */,
				5323E6B10EAFCA74003A9687 /* CoreVideo.framework */,
				0091D8F80E81B9330029341E /* OpenGL.framework */,
				1058C7A1FEA54F0111CA2CBB /* Cocoa.framework */,
				00B995581B128DF400A5C623 /* IOKit.framework */,
				00B995591B128DF400A5C623 /* IOSurface.framework */,
			);
			name = "Linked Frameworks";
			sourceTree = "<group>";
		};
		1058C7A2FEA54F0111CA2CBB /* Other Frameworks */ = {
			isa = PBXGroup;
			children = (
				29B97324FDCFA39411CA2CEA /* AppKit.framework */,
				29B97325FDCFA39411CA2CEA /* Foundation.framework */,
			);
			name = "Other Frameworks";
			sourceTree = "<group>";
		};
		19C28FACFE9D520D11CA2CBB /* Products */ = {
			isa = PBXGroup;
			children = (
				8D1107320486CEB800E47090 /* TuioGateway.app */,
			);
			name = Products;
			sourceTree = "<group>";
		};
		29B97314FDCFA39411CA2CEA /* TuioGateway */ = {
			isa = PBXGroup;
			children = (
				01B97315FEAEA392516A2CEA /* Blocks */,
				29B97315FDCFA39411CA2CEA /* Headers */,
				080E96DDFE201D6D7F000001 /* Source */,
				29B97317FDCFA39411CA2CEA /* Resources */,
				29B97323FDCFA39411CA2CEA /* Frameworks */,
				19C28FACFE9D520D11CA2CBB /* Products */,
			);
			name = TuioGateway;
			sourceTree = "<group>";
		};
		1D828F8705544A36A8190DC3 /* src */ = {
			isa = PBXGroup;
			children = (
				A11C06FA039743948D74177E /* AssetManager.cpp */,
				0CAD44A6CCFC4CC297A68E4C /* MiniConfig.cpp */,
			);
			name = src;
			sourceTree = "<group>";
		};
		1F4812CD9C054161AB038518 /* include */ = {
			isa = PBXGroup;
			children = (
				EE09BA441B9B4C20BA072105 /* AnsiToUtf.h */,
				13B65F1E474542A1B7ADB1B0 /* AssetManager.h */,
				3D17876782CB4E4AB8AD731D /* CaptureHelper.h */,
				D1B30BF698AE4C31BF051509 /* FontHelper.h */,
				110216AB915E43A5A64056E6 /* GlslParamsBuilder.h */,
				8A3F87B7C943432BA886C09D /* GlslParamsBuilderImgui.h */,
				5C277D01E6D043289F0F4D4A /* MiniConfig.h */,
				A278F98EC3F34D9F9A5BCA76 /* MiniConfigImgui.h */,
				D1041301CFF848B7A4CF4157 /* MotionHelper.h */,
				AFA394542F0E47118B19FE37 /* NvOptimusEnablement.h */,
				4D1C599C789F4B958A88E6EC /* OscHelper.h */,
				39CB8D697D214D73874A05CA /* StateMachine.h */,
				D49633C1FE9343188C5AE933 /* TextureHelper.h */,
				B019127E340040E187BEDF98 /* TuioHelper.h */,
			);
			name = include;
			sourceTree = "<group>";
		};
		810380603C154570974D05EA /* vnm */ = {
			isa = PBXGroup;
			children = (
				1D828F8705544A36A8190DC3 /* src */,
				1F4812CD9C054161AB038518 /* include */,
			);
			name = vnm;
			sourceTree = "<group>";
		};
		7F1A66FDCBC24DBDA77D9D1E /* osc */ = {
			isa = PBXGroup;
			children = (
				555484404B4C467C9DA97456 /* Osc.cpp */,
				D4F595C29A114A319B2DA4D9 /* Osc.h */,
			);
			name = osc;
			sourceTree = "<group>";
		};
		A94012ACD60D4632A2B6FFE0 /* cinder */ = {
			isa = PBXGroup;
			children = (
				7F1A66FDCBC24DBDA77D9D1E /* osc */,
			);
			name = cinder;
			sourceTree = "<group>";
		};
		BCAB040A2C8A4F1CA99E33D8 /* src */ = {
			isa = PBXGroup;
			children = (
				A94012ACD60D4632A2B6FFE0 /* cinder */,
			);
			name = src;
			sourceTree = "<group>";
		};
		EE3F1D2340A04BBAB3B6ECF9 /* OSC */ = {
			isa = PBXGroup;
			children = (
				BCAB040A2C8A4F1CA99E33D8 /* src */,
			);
			name = OSC;
			sourceTree = "<group>";
		};
		2BE00A85697342EAB5EA990E /* tuio */ = {
			isa = PBXGroup;
			children = (
				6E256B771D1440E39F8B12AE /* Tuio.cpp */,
				1963EF3F19404A9BAAE50261 /* Tuio.h */,
			);
			name = tuio;
			sourceTree = "<group>";
		};
		2E97ED16A93546C183911C33 /* cinder */ = {
			isa = PBXGroup;
			children = (
				2BE00A85697342EAB5EA990E /* tuio */,
			);
			name = cinder;
			sourceTree = "<group>";
		};
		0078FE192FEA4CA899C72AE2 /* src */ = {
			isa = PBXGroup;
			children = (
				2E97ED16A93546C183911C33 /* cinder */,
			);
			name = src;
			sourceTree = "<group>";
		};
		07DA83519B314FBD89BDAE75 /* TUIO */ = {
			isa = PBXGroup;
			children = (
				0078FE192FEA4CA899C72AE2 /* src */,
			);
			name = TUIO;
			sourceTree = "<group>";
		};
		01B97315FEAEA392516A2CEA /* Blocks */ = {
			isa = PBXGroup;
			children = (
				810380603C154570974D05EA /* vnm */,
				EE3F1D2340A04BBAB3B6ECF9 /* OSC */,
				07DA83519B314FBD89BDAE75 /* TUIO */,
			);
			name = Blocks;
			sourceTree = "<group>";
		};
		29B97315FDCFA39411CA2CEA /* Headers */ = {
			isa = PBXGroup;
			children = (
				038E382DC59D468394C85C1F /* Resources.h */,
				58D310EF55F24E15B5C50AE7 /* TuioGateway_Prefix.pch */,
			);
			name = Headers;
			sourceTree = "<group>";
		};
		29B97317FDCFA39411CA2CEA /* Resources */ = {
			isa = PBXGroup;
			children = (
				236838974480465BA8EC383F /* CinderApp.icns */,
				827280B88D3E4FF7BE3915C4 /* Info.plist */,
			);
			name = Resources;
			sourceTree = "<group>";
		};
		29B97323FDCFA39411CA2CEA /* Frameworks */ = {
			isa = PBXGroup;
			children = (
				1058C7A0FEA54F0111CA2CBB /* Linked Frameworks */,
				1058C7A2FEA54F0111CA2CBB /* Other Frameworks */,
			);
			name = Frameworks;
			sourceTree = "<group>";
		};
/* End PBXGroup section */

/* Begin PBXNativeTarget section */
		8D1107260486CEB800E47090 /* TuioGateway */ = {
			isa = PBXNativeTarget;
			buildConfigurationList = C01FCF4A08A954540054247B /* Build configuration list for PBXNativeTarget "TuioGateway" */;
			buildPhases = (
				8D1107290486CEB800E47090 /* Resources */,
				8D11072C0486CEB800E47090 /* Sources */,
				8D11072E0486CEB800E47090 /* Frameworks */,
			);
			buildRules = (
			);
			dependencies = (
			);
			name = TuioGateway;
			productInstallPath = "$(HOME)/Applications";
			productName = TuioGateway;
			productReference = 8D1107320486CEB800E47090 /* TuioGateway.app */;
			productType = "com.apple.product-type.application";
		};
/* End PBXNativeTarget section */

/* Begin PBXProject section */
		29B97313FDCFA39411CA2CEA /* Project object */ = {
			isa = PBXProject;
			buildConfigurationList = C01FCF4E08A954540054247B /* Build configuration list for PBXProject "TuioGateway" */;
			compatibilityVersion = "Xcode 3.2";
			developmentRegion = English;
			hasScannedForEncodings = 1;
			knownRegions = (
				English,
				Japanese,
				French,
				German,
			);
			mainGroup = 29B97314FDCFA39411CA2CEA /* TuioGateway */;
			projectDirPath = "";
			projectRoot = "";
			targets = (
				8D1107260486CEB800E47090 /* TuioGateway */,
			);
		};
/* End PBXProject section */

/* Begin PBXResourcesBuildPhase section */
		8D1107290486CEB800E47090 /* Resources */ = {
			isa = PBXResourcesBuildPhase;
			buildActionMask = 2147483647;
			files = (
				8EB0B6C472CC412EA9919233 /* CinderApp.icns in Resources */,
			);
			runOnlyForDeploymentPostprocessing = 0;
		};
/* End PBXResourcesBuildPhase section */

/* Begin PBXSourcesBuildPhase section */
		8D11072C0486CEB800E47090 /* Sources */ = {
			isa = PBXSourcesBuildPhase;
			buildActionMask = 2147483647;
			files = (
				4D1FE8CFA8DD4430B12DACDD /* TuioGatewayApp.cpp in Sources */,
				0B10965F5EF545BF9633817B /* AssetManager.cpp in Sources */,
				1E1A8A9535F047B2B36BBC89 /* MiniConfig.cpp in Sources */,
				6772CC6020EC43139722C0E3 /* Osc.cpp in Sources */,
				E36D7D30E84F44C0BBCF38FD /* Tuio.cpp in Sources */,
			);
			runOnlyForDeploymentPostprocessing = 0;
		};
/* End PBXSourcesBuildPhase section */

/* Begin XCBuildConfiguration section */
		C01FCF4B08A954540054247B /* Debug */ = {
			isa = XCBuildConfiguration;
			buildSettings = {
				COMBINE_HIDPI_IMAGES = YES;
				DEAD_CODE_STRIPPING = YES;
				COPY_PHASE_STRIP = NO;
				GCC_DYNAMIC_NO_PIC = NO;
				GCC_INLINES_ARE_PRIVATE_EXTERN = YES;
				GCC_OPTIMIZATION_LEVEL = 0;
				GCC_PREPROCESSOR_DEFINITIONS = (
					"DEBUG=1",
					"$(inherited)",
				);
				GCC_PRECOMPILE_PREFIX_HEADER = YES;
				GCC_PREFIX_HEADER = TuioGateway_Prefix.pch;
				GCC_SYMBOLS_PRIVATE_EXTERN = NO;
				INFOPLIST_FILE = Info.plist;
				INSTALL_PATH = "$(HOME)/Applications";
				OTHER_LDFLAGS = "\"$(CINDER_PATH)/lib/macosx/$(CONFIGURATION)/libcinder.a\"";
				PRODUCT_BUNDLE_IDENTIFIER = "org.libcinder.${PRODUCT_NAME:rfc1034identifier}";
				PRODUCT_NAME = TuioGateway;
				SYMROOT = ./build;
				WRAPPER_EXTENSION = app;
			};
			name = Debug;
		};
		C01FCF4C08A954540054247B /* Release */ = {
			isa = XCBuildConfiguration;
			buildSettings = {
				COMBINE_HIDPI_IMAGES = YES;
				DEAD_CODE_STRIPPING = YES;
				DEBUG_INFORMATION_FORMAT = "dwarf-with-dsym";
				GCC_FAST_MATH = YES;
				GCC_GENERATE_DEBUGGING_SYMBOLS = NO;
				GCC_INLINES_ARE_PRIVATE_EXTERN = YES;
				GCC_OPTIMIZATION_LEVEL = 3;
				GCC_PREPROCESSOR_DEFINITIONS = (
					"NDEBUG=1",
					"$(inherited)",
				);
				GCC_PRECOMPILE_PREFIX_HEADER = YES;
				GCC_PREFIX_HEADER = TuioGateway_Prefix.pch;
				GCC_SYMBOLS_PRIVATE_EXTERN = NO;
				INFOPLIST_FILE = Info.plist;
				INSTALL_PATH = "$(HOME)/Applications";
				OTHER_LDFLAGS = "\"$(CINDER_PATH)/lib/macosx/$(CONFIGURATION)/libcinder.a\"";
				PRODUCT_BUNDLE_IDENTIFIER = "org.libcinder.${PRODUCT_NAME:rfc1034identifier}";
				PRODUCT_NAME = TuioGateway;
				STRIP_INSTALLED_PRODUCT = YES;
				SYMROOT = ./build;
				WRAPPER_EXTENSION = app;
			};
			name = Release;
		};
		C01FCF4F08A954540054247B /* Debug */ = {
			isa = XCBuildConfiguration;
			buildSettings = {
				ALWAYS_SEARCH_USER_PATHS = NO;
				CINDER_PATH = "../../../Cinder";
				CLANG_CXX_LANGUAGE_STANDARD = "c++11";
				CLANG_CXX_LIBRARY = "libc++";
				ENABLE_TESTABILITY = YES;
				GCC_WARN_ABOUT_RETURN_TYPE = YES;
				GCC_WARN_UNUSED_VARIABLE = YES;
				HEADER_SEARCH_PATHS = "\"$(CINDER_PATH)/include\"";
				MACOSX_DEPLOYMENT_TARGET = 10.8;
				ONLY_ACTIVE_ARCH = YES;
				SDKROOT = macosx;
				USER_HEADER_SEARCH_PATHS = (
					"\"$(CINDER_PATH)/include\" ../include",
					"\"../../../Cinder/blocks/Cinder-VNM/include\"",
					../../../Cinder/blocks,
					../../../Cinder/blocks/OSC/src,
					../../../Cinder/blocks/TUIO/src,
				);
			};
			name = Debug;
		};
		C01FCF5008A954540054247B /* Release */ = {
			isa = XCBuildConfiguration;
			buildSettings = {
				ALWAYS_SEARCH_USER_PATHS = NO;
				CINDER_PATH = "../../../Cinder";
				CLANG_CXX_LANGUAGE_STANDARD = "c++11";
				CLANG_CXX_LIBRARY = "libc++";
				GCC_WARN_ABOUT_RETURN_TYPE = YES;
				GCC_WARN_UNUSED_VARIABLE = YES;
				HEADER_SEARCH_PATHS = "\"$(CINDER_PATH)/include\"";
				MACOSX_DEPLOYMENT_TARGET = 10.8;
				SDKROOT = macosx;
				USER_HEADER_SEARCH_PATHS = (
					"\"$(CINDER_PATH)/include\" ../include",
					"\"../../../Cinder/blocks/Cinder-VNM/include\"",
					../../../Cinder/blocks,
					../../../Cinder/blocks/OSC/src,
					../../../Cinder/blocks/TUIO/src,
				);
			};
			name = Release;
		};
/* End XCBuildConfiguration section */

/* Begin XCConfigurationList section */
		C01FCF4A08A954540054247B /* Build configuration list for PBXNativeTarget "TuioGateway" */ = {
			isa = XCConfigurationList;
			buildConfigurations = (
				C01FCF4B08A954540054247B /* Debug */,
				C01FCF4C08A954540054247B /* Release */,
			);
			defaultConfigurationIsVisible = 0;
			defaultConfigurationName = Release;
		};
		C01FCF4E08A954540054247B /* Build configuration list for PBXProject "TuioGateway" */ = {
			isa = XCConfigurationList;
			buildConfigurations = (
				C01FCF4F08A954540054247B /* Debug */,
				C01FCF5008A954540054247B /* Release */,
			);
			defaultConfigurationIsVisible = 0;
			defaultConfigurationName = Release;
		};
/* End XCConfigurationList section */
	};
	rootObject = 29B97313FDCFA39411CA2CEA /* Project object */;
}
