// !$*UTF8*$!
{
	archiveVersion = 1;
	classes = {
	};
	objectVersion = 46;
	objects = {

/* Begin PBXBuildFile section */
		0087D25512CD809F002CD69F /* CoreText.framework in Frameworks */ = {isa = PBXBuildFile; fileRef = 0087D25412CD809F002CD69F /* CoreText.framework */; };
		00CFDF6B1138442D0091E310 /* CoreGraphics.framework in Frameworks */ = {isa = PBXBuildFile; fileRef = 00CFDF6A1138442D0091E310 /* CoreGraphics.framework */; };
		C725E001121DAC8FFFFA18FF /* ImageIO.framework in Frameworks */ = {isa = PBXBuildFile; fileRef = 00CFDF6A1138442D0091FFFF /* ImageIO.framework */; };
		DDDDE001121DAC8FFFFADDDD /* MobileCoreServices.framework in Frameworks */ = {isa = PBXBuildFile; fileRef = DDDDDF6A1138442D0091DDDD /* MobileCoreServices.framework */; };
		1D60589F0D05DD5A006BFB54 /* Foundation.framework in Frameworks */ = {isa = PBXBuildFile; fileRef = 1D30AB110D05D00D00671497 /* Foundation.framework */; };
		1DF5F4E00D08C38300B7A737 /* UIKit.framework in Frameworks */ = {isa = PBXBuildFile; fileRef = 1DF5F4DF0D08C38300B7A737 /* UIKit.framework */; };
		28FD15000DC6FC520079059D /* OpenGLES.framework in Frameworks */ = {isa = PBXBuildFile; fileRef = 28FD14FF0DC6FC520079059D /* OpenGLES.framework */; };
		28FD15080DC6FC5B0079059D /* QuartzCore.framework in Frameworks */ = {isa = PBXBuildFile; fileRef = 28FD15070DC6FC5B0079059D /* QuartzCore.framework */; };
		C725DFFE121DAC7F00FA186B /* CoreMedia.framework in Frameworks */ = {isa = PBXBuildFile; fileRef = C727C02B121B400300192073 /* CoreMedia.framework */; settings = {
	ATTRIBUTES = (
		Weak,
	);
}; };
		C725E001121DAC8F00FA186B /* AVFoundation.framework in Frameworks */ = {isa = PBXBuildFile; fileRef = C725E000121DAC8F00FA186B /* AVFoundation.framework */; settings = {
	ATTRIBUTES = (
		Weak,
	);
}; };
		C727C02E121B400300192073 /* CoreVideo.framework in Frameworks */ = {isa = PBXBuildFile; fileRef = C727C02D121B400300192073 /* CoreVideo.framework */; settings = {
	ATTRIBUTES = (
		Weak,
	);
}; };
		C7FB19D6124BC0D70045AFD2 /* AudioToolbox.framework in Frameworks */ = {isa = PBXBuildFile; fileRef = C7FB19D5124BC0D70045AFD2 /* AudioToolbox.framework */; };
		00A66A361965AC8800B17EB3 /* Accelerate.framework in Frameworks */ = {isa = PBXBuildFile; fileRef = 00A66A351965AC8800B17EB3 /* Accelerate.framework */; };
		00748058165D41390024B57A /* assets in Resources */ = {isa = PBXBuildFile; fileRef = 00748057165D41390024B57A /* assets */; };
		C68E0FF079C545FF94689485 /* Tuio.h in Headers */ = {isa = PBXBuildFile; fileRef = EBF132FE15BD45B1A4464F33 /* Tuio.h */; };
		079FF009BA424F0FAA6538C2 /* Tuio.cpp in Sources */ = {isa = PBXBuildFile; fileRef = 4ECD43ACE08844798F6E469B /* Tuio.cpp */; };
		04470F78F1D142BC8C90B72F /* Osc.h in Headers */ = {isa = PBXBuildFile; fileRef = E65C158AD9174A6DBABD0F7F /* Osc.h */; };
		03B072ADBE774B72B6451974 /* Osc.cpp in Sources */ = {isa = PBXBuildFile; fileRef = E0335FD678B54B359904C566 /* Osc.cpp */; };
		91B6A8D6630A413EAE57B9DD /* TuioHelper.h in Headers */ = {isa = PBXBuildFile; fileRef = 38073643523A4DBEB7BF3DF8 /* TuioHelper.h */; };
		AD0DCBECA08B4FAABDE7FC83 /* TextureHelper.h in Headers */ = {isa = PBXBuildFile; fileRef = FD7EFFE09EF8479E8EE80482 /* TextureHelper.h */; };
		CB63D26DD5B2476F8B83F0B9 /* StateMachine.h in Headers */ = {isa = PBXBuildFile; fileRef = 244E26E3A0B44C14BD1D1430 /* StateMachine.h */; };
		182A6059B81B482784D77FB4 /* OscHelper.h in Headers */ = {isa = PBXBuildFile; fileRef = 54AC525516EC4C7B93473BC3 /* OscHelper.h */; };
		46497B12D76344C097CA163F /* NvOptimusEnablement.h in Headers */ = {isa = PBXBuildFile; fileRef = 9120BCCA64F44D42A85BC973 /* NvOptimusEnablement.h */; };
		12B75C4C972B453099EB7AA3 /* MotionHelper.h in Headers */ = {isa = PBXBuildFile; fileRef = A6927D146FF14B4BBF434842 /* MotionHelper.h */; };
		29E5ED047B27411680CAF4F6 /* MiniConfigImgui.h in Headers */ = {isa = PBXBuildFile; fileRef = EE149D35B1654DBF83BEE2B9 /* MiniConfigImgui.h */; };
		4197499F987A4463B7AEBC50 /* MiniConfig.h in Headers */ = {isa = PBXBuildFile; fileRef = 7451A73912484723BEAF1975 /* MiniConfig.h */; };
		98CB5637992245E2BDB2171E /* GlslParamsBuilderImgui.h in Headers */ = {isa = PBXBuildFile; fileRef = 87DD2475B69444E1A6C06014 /* GlslParamsBuilderImgui.h */; };
		3D968FA52A734A3C9136C98E /* GlslParamsBuilder.h in Headers */ = {isa = PBXBuildFile; fileRef = 6159D8F72F9940648CAF313C /* GlslParamsBuilder.h */; };
		777044664CAB4F20858081D2 /* FontHelper.h in Headers */ = {isa = PBXBuildFile; fileRef = E2D22F00ED9346389585071D /* FontHelper.h */; };
		6C966105696A48D6B0E03AA3 /* CaptureHelper.h in Headers */ = {isa = PBXBuildFile; fileRef = C3095582B8324A569A23E655 /* CaptureHelper.h */; };
		CC3D2CEADC374CA490AD53C9 /* AssetManager.h in Headers */ = {isa = PBXBuildFile; fileRef = C5C4EEFFFAB3439387C4BC8E /* AssetManager.h */; };
		0C6A4A121653468098062959 /* AnsiToUtf.h in Headers */ = {isa = PBXBuildFile; fileRef = 54BD0F6475624CA2B71C96B4 /* AnsiToUtf.h */; };
		10E9C1498634429D99675183 /* MiniConfig.cpp in Sources */ = {isa = PBXBuildFile; fileRef = 4CD57397D9504467B61E287D /* MiniConfig.cpp */; };
		70BECE7A49134E30A6A53396 /* AssetManager.cpp in Sources */ = {isa = PBXBuildFile; fileRef = 56EC8A1CFD8F43B3BDCA471B /* AssetManager.cpp */; };
		F21BCBBC45FC44F5AF584D2B /* TuioGateway_Prefix.pch in Headers */ = {isa = PBXBuildFile; fileRef = 7CC24E574EAC4AEB94DC2967 /* TuioGateway_Prefix.pch */; };
		887FA17208E04B679EDD680B /* LaunchScreen.xib in Resources */ = {isa = PBXBuildFile; fileRef = C6FFDC1C591D4DEDAA34D18A /* LaunchScreen.xib */; };
		D539B0CB0E944893A4845D42 /* Images.xcassets in Resources */ = {isa = PBXBuildFile; fileRef = 78B3F15D8E8749BBBCE70A95 /* Images.xcassets */; };
		4ECF50CAA1894B43963C3FE6 /* CinderApp_ios.png in Resources */ = {isa = PBXBuildFile; fileRef = 670B77EA5B9E464CA8CDDDB6 /* CinderApp_ios.png */; };
		895435767EA349D5BD64F693 /* Resources.h in Headers */ = {isa = PBXBuildFile; fileRef = DF5DDC8239604DC8822E1DBB /* Resources.h */; };
		1C313554880447CCAEBFEDC0 /* TuioGatewayApp.cpp in Sources */ = {isa = PBXBuildFile; fileRef = 30FED036FCF24A659D4D5D8F /* TuioGatewayApp.cpp */; };
/* End PBXBuildFile section */

/* Begin PBXFileReference section */
		00692BCF14FF149000D0A05E /* TuioGateway.app */ = {isa = PBXFileReference; explicitFileType = wrapper.application; includeInIndex = 0; path = TuioGateway.app; sourceTree = BUILT_PRODUCTS_DIR; };
		0087D25412CD809F002CD69F /* CoreText.framework */ = {isa = PBXFileReference; lastKnownFileType = wrapper.framework; name = CoreText.framework; path = System/Library/Frameworks/CoreText.framework; sourceTree = SDKROOT; };
		00CFDF6A1138442D0091E310 /* CoreGraphics.framework */ = {isa = PBXFileReference; lastKnownFileType = wrapper.framework; name = CoreGraphics.framework; path = System/Library/Frameworks/CoreGraphics.framework; sourceTree = SDKROOT; };
		00CFDF6A1138442D0091FFFF /* ImageIO.framework */ = {isa = PBXFileReference; lastKnownFileType = wrapper.framework; name = ImageIO.framework; path = System/Library/Frameworks/ImageIO.framework; sourceTree = SDKROOT; };
		DDDDDF6A1138442D0091DDDD /* MobileCoreServices.framework */ = {isa = PBXFileReference; lastKnownFileType = wrapper.framework; name = MobileCoreServices.framework; path = System/Library/Frameworks/MobileCoreServices.framework; sourceTree = SDKROOT; };
		1D30AB110D05D00D00671497 /* Foundation.framework */ = {isa = PBXFileReference; lastKnownFileType = wrapper.framework; name = Foundation.framework; path = System/Library/Frameworks/Foundation.framework; sourceTree = SDKROOT; };
		1DF5F4DF0D08C38300B7A737 /* UIKit.framework */ = {isa = PBXFileReference; lastKnownFileType = wrapper.framework; name = UIKit.framework; path = System/Library/Frameworks/UIKit.framework; sourceTree = SDKROOT; };
		28FD14FF0DC6FC520079059D /* OpenGLES.framework */ = {isa = PBXFileReference; lastKnownFileType = wrapper.framework; name = OpenGLES.framework; path = System/Library/Frameworks/OpenGLES.framework; sourceTree = SDKROOT; };
		28FD15070DC6FC5B0079059D /* QuartzCore.framework */ = {isa = PBXFileReference; lastKnownFileType = wrapper.framework; name = QuartzCore.framework; path = System/Library/Frameworks/QuartzCore.framework; sourceTree = SDKROOT; };
		C725E000121DAC8F00FA186B /* AVFoundation.framework */ = {isa = PBXFileReference; lastKnownFileType = wrapper.framework; name = AVFoundation.framework; path = System/Library/Frameworks/AVFoundation.framework; sourceTree = SDKROOT; };
		C727C02B121B400300192073 /* CoreMedia.framework */ = {isa = PBXFileReference; lastKnownFileType = wrapper.framework; name = CoreMedia.framework; path = System/Library/Frameworks/CoreMedia.framework; sourceTree = SDKROOT; };
		C727C02D121B400300192073 /* CoreVideo.framework */ = {isa = PBXFileReference; lastKnownFileType = wrapper.framework; name = CoreVideo.framework; path = System/Library/Frameworks/CoreVideo.framework; sourceTree = SDKROOT; };
		C7FB19D5124BC0D70045AFD2 /* AudioToolbox.framework */ = {isa = PBXFileReference; lastKnownFileType = wrapper.framework; name = AudioToolbox.framework; path = System/Library/Frameworks/AudioToolbox.framework; sourceTree = SDKROOT; };
		00A66A351965AC8800B17EB3 /* Accelerate.framework */ = {isa = PBXFileReference; lastKnownFileType = wrapper.framework; name = Accelerate.framework; path = System/Library/Frameworks/Accelerate.framework; sourceTree = SDKROOT; };
		00748057165D41390024B57A /* assets */ = {isa = PBXFileReference; lastKnownFileType = folder; name = assets; path = ../assets; sourceTree = "<group>"; };
		30FED036FCF24A659D4D5D8F /* TuioGatewayApp.cpp */ = {isa = PBXFileReference; lastKnownFileType = sourcecode.c.cpp; path = ../src/TuioGatewayApp.cpp; sourceTree = "<group>"; name = TuioGatewayApp.cpp; };
		DF5DDC8239604DC8822E1DBB /* Resources.h */ = {isa = PBXFileReference; lastKnownFileType = sourcecode.c.h; path = ../include/Resources.h; sourceTree = "<group>"; name = Resources.h; };
		670B77EA5B9E464CA8CDDDB6 /* CinderApp_ios.png */ = {isa = PBXFileReference; lastKnownFileType = "\"\""; path = ../resources/CinderApp_ios.png; sourceTree = "<group>"; name = CinderApp_ios.png; };
		78B3F15D8E8749BBBCE70A95 /* Images.xcassets */ = {isa = PBXFileReference; lastKnownFileType = "\"\""; path = Images.xcassets; sourceTree = "<group>"; name = Images.xcassets; };
		C6FFDC1C591D4DEDAA34D18A /* LaunchScreen.xib */ = {isa = PBXFileReference; lastKnownFileType = "\"\""; path = LaunchScreen.xib; sourceTree = "<group>"; name = LaunchScreen.xib; };
		E42A9CA00E62428BAE79C892 /* Info.plist */ = {isa = PBXFileReference; lastKnownFileType = text.plist.xml; path = Info.plist; sourceTree = "<group>"; name = Info.plist; };
		7CC24E574EAC4AEB94DC2967 /* TuioGateway_Prefix.pch */ = {isa = PBXFileReference; lastKnownFileType = "\"\""; path = TuioGateway_Prefix.pch; sourceTree = "<group>"; name = TuioGateway_Prefix.pch; };
		56EC8A1CFD8F43B3BDCA471B /* AssetManager.cpp */ = {isa = PBXFileReference; path = "../../../Cinder/blocks/Cinder-VNM/src/AssetManager.cpp"; sourceTree = "<group>"; explicitFileType = "\"\""; name = AssetManager.cpp; };
		4CD57397D9504467B61E287D /* MiniConfig.cpp */ = {isa = PBXFileReference; path = "../../../Cinder/blocks/Cinder-VNM/src/MiniConfig.cpp"; sourceTree = "<group>"; explicitFileType = "\"\""; name = MiniConfig.cpp; };
		54BD0F6475624CA2B71C96B4 /* AnsiToUtf.h */ = {isa = PBXFileReference; lastKnownFileType = sourcecode.c.h; path = "../../../Cinder/blocks/Cinder-VNM/include/AnsiToUtf.h"; sourceTree = "<group>"; name = AnsiToUtf.h; };
		C5C4EEFFFAB3439387C4BC8E /* AssetManager.h */ = {isa = PBXFileReference; lastKnownFileType = sourcecode.c.h; path = "../../../Cinder/blocks/Cinder-VNM/include/AssetManager.h"; sourceTree = "<group>"; name = AssetManager.h; };
		C3095582B8324A569A23E655 /* CaptureHelper.h */ = {isa = PBXFileReference; lastKnownFileType = sourcecode.c.h; path = "../../../Cinder/blocks/Cinder-VNM/include/CaptureHelper.h"; sourceTree = "<group>"; name = CaptureHelper.h; };
		E2D22F00ED9346389585071D /* FontHelper.h */ = {isa = PBXFileReference; lastKnownFileType = sourcecode.c.h; path = "../../../Cinder/blocks/Cinder-VNM/include/FontHelper.h"; sourceTree = "<group>"; name = FontHelper.h; };
		6159D8F72F9940648CAF313C /* GlslParamsBuilder.h */ = {isa = PBXFileReference; lastKnownFileType = sourcecode.c.h; path = "../../../Cinder/blocks/Cinder-VNM/include/GlslParamsBuilder.h"; sourceTree = "<group>"; name = GlslParamsBuilder.h; };
		87DD2475B69444E1A6C06014 /* GlslParamsBuilderImgui.h */ = {isa = PBXFileReference; lastKnownFileType = sourcecode.c.h; path = "../../../Cinder/blocks/Cinder-VNM/include/GlslParamsBuilderImgui.h"; sourceTree = "<group>"; name = GlslParamsBuilderImgui.h; };
		7451A73912484723BEAF1975 /* MiniConfig.h */ = {isa = PBXFileReference; lastKnownFileType = sourcecode.c.h; path = "../../../Cinder/blocks/Cinder-VNM/include/MiniConfig.h"; sourceTree = "<group>"; name = MiniConfig.h; };
		EE149D35B1654DBF83BEE2B9 /* MiniConfigImgui.h */ = {isa = PBXFileReference; lastKnownFileType = sourcecode.c.h; path = "../../../Cinder/blocks/Cinder-VNM/include/MiniConfigImgui.h"; sourceTree = "<group>"; name = MiniConfigImgui.h; };
		A6927D146FF14B4BBF434842 /* MotionHelper.h */ = {isa = PBXFileReference; lastKnownFileType = sourcecode.c.h; path = "../../../Cinder/blocks/Cinder-VNM/include/MotionHelper.h"; sourceTree = "<group>"; name = MotionHelper.h; };
		9120BCCA64F44D42A85BC973 /* NvOptimusEnablement.h */ = {isa = PBXFileReference; lastKnownFileType = sourcecode.c.h; path = "../../../Cinder/blocks/Cinder-VNM/include/NvOptimusEnablement.h"; sourceTree = "<group>"; name = NvOptimusEnablement.h; };
		54AC525516EC4C7B93473BC3 /* OscHelper.h */ = {isa = PBXFileReference; lastKnownFileType = sourcecode.c.h; path = "../../../Cinder/blocks/Cinder-VNM/include/OscHelper.h"; sourceTree = "<group>"; name = OscHelper.h; };
		244E26E3A0B44C14BD1D1430 /* StateMachine.h */ = {isa = PBXFileReference; lastKnownFileType = sourcecode.c.h; path = "../../../Cinder/blocks/Cinder-VNM/include/StateMachine.h"; sourceTree = "<group>"; name = StateMachine.h; };
		FD7EFFE09EF8479E8EE80482 /* TextureHelper.h */ = {isa = PBXFileReference; lastKnownFileType = sourcecode.c.h; path = "../../../Cinder/blocks/Cinder-VNM/include/TextureHelper.h"; sourceTree = "<group>"; name = TextureHelper.h; };
		38073643523A4DBEB7BF3DF8 /* TuioHelper.h */ = {isa = PBXFileReference; lastKnownFileType = sourcecode.c.h; path = "../../../Cinder/blocks/Cinder-VNM/include/TuioHelper.h"; sourceTree = "<group>"; name = TuioHelper.h; };
		E0335FD678B54B359904C566 /* Osc.cpp */ = {isa = PBXFileReference; lastKnownFileType = sourcecode.c.cpp; path = ../../../Cinder/blocks/OSC/src/cinder/osc/Osc.cpp; sourceTree = "<group>"; name = Osc.cpp; };
		E65C158AD9174A6DBABD0F7F /* Osc.h */ = {isa = PBXFileReference; lastKnownFileType = sourcecode.c.h; path = ../../../Cinder/blocks/OSC/src/cinder/osc/Osc.h; sourceTree = "<group>"; name = Osc.h; };
		4ECD43ACE08844798F6E469B /* Tuio.cpp */ = {isa = PBXFileReference; lastKnownFileType = sourcecode.c.cpp; path = ../../../Cinder/blocks/TUIO/src/cinder/tuio/Tuio.cpp; sourceTree = "<group>"; name = Tuio.cpp; };
		EBF132FE15BD45B1A4464F33 /* Tuio.h */ = {isa = PBXFileReference; lastKnownFileType = sourcecode.c.h; path = ../../../Cinder/blocks/TUIO/src/cinder/tuio/Tuio.h; sourceTree = "<group>"; name = Tuio.h; };
/* End PBXFileReference section */

/* Begin PBXFrameworksBuildPhase section */
		00692BCC14FF149000D0A05E /* Frameworks */ = {
			isa = PBXFrameworksBuildPhase;
			buildActionMask = 2147483647;
			files = (
				C725E001121DAC8F00FA186B /* AVFoundation.framework in Frameworks */,
				C725DFFE121DAC7F00FA186B /* CoreMedia.framework in Frameworks */,
				C725E001121DAC8FFFFA18FF /* ImageIO.framework in Frameworks */,
				DDDDE001121DAC8FFFFADDDD /* MobileCoreServices.framework in Frameworks */,
				1D60589F0D05DD5A006BFB54 /* Foundation.framework in Frameworks */,
				1DF5F4E00D08C38300B7A737 /* UIKit.framework in Frameworks */,
				28FD15000DC6FC520079059D /* OpenGLES.framework in Frameworks */,
				28FD15080DC6FC5B0079059D /* QuartzCore.framework in Frameworks */,
				00CFDF6B1138442D0091E310 /* CoreGraphics.framework in Frameworks */,
				C727C02E121B400300192073 /* CoreVideo.framework in Frameworks */,
				C7FB19D6124BC0D70045AFD2 /* AudioToolbox.framework in Frameworks */,
				00A66A361965AC8800B17EB3 /* Accelerate.framework in Frameworks */,
				0087D25512CD809F002CD69F /* CoreText.framework in Frameworks */,
			);
			runOnlyForDeploymentPostprocessing = 0;
		};
/* End PBXFrameworksBuildPhase section */

/* Begin PBXGroup section */
		00692BC414FF149000D0A05E = {
			isa = PBXGroup;
			children = (
				99692BD914FF149000DFFFFF /* Blocks */,
				99692BD914FF149000D0A05F /* Headers */,
				00692BD914FF149000D0A05E /* Source */,
				00692BD914FF149000D0FFFF /* Resources */,
				00692BD214FF149000D0A05E /* Frameworks */,
				00692BD014FF149000D0A05E /* Products */,
			);
			sourceTree = "<group>";
		};
		00692BD014FF149000D0A05E /* Products */ = {
			isa = PBXGroup;
			children = (
				00692BCF14FF149000D0A05E /* TuioGateway.app */,
			);
			name = Products;
			sourceTree = "<group>";
		};
		00692BD214FF149000D0A05E /* Frameworks */ = {
			isa = PBXGroup;
			children = (
				C7FB19D5124BC0D70045AFD2 /* AudioToolbox.framework */,
				00A66A351965AC8800B17EB3 /* Accelerate.framework */,
				C727C02B121B400300192073 /* CoreMedia.framework */,
				C727C02D121B400300192073 /* CoreVideo.framework */,
				28FD15070DC6FC5B0079059D /* QuartzCore.framework */,
				28FD14FF0DC6FC520079059D /* OpenGLES.framework */,
				1DF5F4DF0D08C38300B7A737 /* UIKit.framework */,
				1D30AB110D05D00D00671497 /* Foundation.framework */,
				00CFDF6A1138442D0091E310 /* CoreGraphics.framework */,
				00CFDF6A1138442D0091FFFF /* ImageIO.framework */,
				DDDDDF6A1138442D0091DDDD /* MobileCoreServices.framework */,
				C725E000121DAC8F00FA186B /* AVFoundation.framework */,
				0087D25412CD809F002CD69F /* CoreText.framework */,
			);
			name = Frameworks;
			sourceTree = "<group>";
		};
		45AD099E9C234491B3FA7041 /* src */ = {
			isa = PBXGroup;
			children = (
				56EC8A1CFD8F43B3BDCA471B /* AssetManager.cpp */,
				4CD57397D9504467B61E287D /* MiniConfig.cpp */,
			);
			name = src;
			sourceTree = "<group>";
		};
		E8D2C1895B584955975444CF /* include */ = {
			isa = PBXGroup;
			children = (
				54BD0F6475624CA2B71C96B4 /* AnsiToUtf.h */,
				C5C4EEFFFAB3439387C4BC8E /* AssetManager.h */,
				C3095582B8324A569A23E655 /* CaptureHelper.h */,
				E2D22F00ED9346389585071D /* FontHelper.h */,
				6159D8F72F9940648CAF313C /* GlslParamsBuilder.h */,
				87DD2475B69444E1A6C06014 /* GlslParamsBuilderImgui.h */,
				7451A73912484723BEAF1975 /* MiniConfig.h */,
				EE149D35B1654DBF83BEE2B9 /* MiniConfigImgui.h */,
				A6927D146FF14B4BBF434842 /* MotionHelper.h */,
				9120BCCA64F44D42A85BC973 /* NvOptimusEnablement.h */,
				54AC525516EC4C7B93473BC3 /* OscHelper.h */,
				244E26E3A0B44C14BD1D1430 /* StateMachine.h */,
				FD7EFFE09EF8479E8EE80482 /* TextureHelper.h */,
				38073643523A4DBEB7BF3DF8 /* TuioHelper.h */,
			);
			name = include;
			sourceTree = "<group>";
		};
		BA9FF18B9D0B4C1882B75EAD /* vnm */ = {
			isa = PBXGroup;
			children = (
				45AD099E9C234491B3FA7041 /* src */,
				E8D2C1895B584955975444CF /* include */,
			);
			name = vnm;
			sourceTree = "<group>";
		};
		BE7C56308C204767B3353895 /* osc */ = {
			isa = PBXGroup;
			children = (
				E0335FD678B54B359904C566 /* Osc.cpp */,
				E65C158AD9174A6DBABD0F7F /* Osc.h */,
			);
			name = osc;
			sourceTree = "<group>";
		};
		382DA18820FB4ED08989F5E3 /* cinder */ = {
			isa = PBXGroup;
			children = (
				BE7C56308C204767B3353895 /* osc */,
			);
			name = cinder;
			sourceTree = "<group>";
		};
		5306A6EC054C488F8B4E8261 /* src */ = {
			isa = PBXGroup;
			children = (
				382DA18820FB4ED08989F5E3 /* cinder */,
			);
			name = src;
			sourceTree = "<group>";
		};
		EABD7036C2C9484289191BEE /* OSC */ = {
			isa = PBXGroup;
			children = (
				5306A6EC054C488F8B4E8261 /* src */,
			);
			name = OSC;
			sourceTree = "<group>";
		};
		5D35F638678D4658AA164BF2 /* tuio */ = {
			isa = PBXGroup;
			children = (
				4ECD43ACE08844798F6E469B /* Tuio.cpp */,
				EBF132FE15BD45B1A4464F33 /* Tuio.h */,
			);
			name = tuio;
			sourceTree = "<group>";
		};
		5791EFFC9E924B2689528697 /* cinder */ = {
			isa = PBXGroup;
			children = (
				5D35F638678D4658AA164BF2 /* tuio */,
			);
			name = cinder;
			sourceTree = "<group>";
		};
		E34EDC0CE8824D4F9CF5C642 /* src */ = {
			isa = PBXGroup;
			children = (
				5791EFFC9E924B2689528697 /* cinder */,
			);
			name = src;
			sourceTree = "<group>";
		};
		B70A3199D26741A3AFD169FC /* TUIO */ = {
			isa = PBXGroup;
			children = (
				E34EDC0CE8824D4F9CF5C642 /* src */,
			);
			name = TUIO;
			sourceTree = "<group>";
		};
		99692BD914FF149000DFFFFF /* Blocks */ = {
			isa = PBXGroup;
			children = (
				BA9FF18B9D0B4C1882B75EAD /* vnm */,
				EABD7036C2C9484289191BEE /* OSC */,
				B70A3199D26741A3AFD169FC /* TUIO */,
			);
			name = Blocks;
			sourceTree = "<group>";
		};
		99692BD914FF149000D0A05F /* Headers */ = {
			isa = PBXGroup;
			children = (
				DF5DDC8239604DC8822E1DBB /* Resources.h */,
				7CC24E574EAC4AEB94DC2967 /* TuioGateway_Prefix.pch */,
			);
			name = Headers;
			sourceTree = "<group>";
		};
		00692BD914FF149000D0A05E /* Source */ = {
			isa = PBXGroup;
			children = (
				30FED036FCF24A659D4D5D8F /* TuioGatewayApp.cpp */,
			);
			name = Source;
			sourceTree = "<group>";
		};
		00692BD914FF149000D0FFFF /* Resources */ = {
			isa = PBXGroup;
			children = (
				00748057165D41390024B57A /* assets */,
				670B77EA5B9E464CA8CDDDB6 /* CinderApp_ios.png */,
				78B3F15D8E8749BBBCE70A95 /* Images.xcassets */,
				C6FFDC1C591D4DEDAA34D18A /* LaunchScreen.xib */,
				E42A9CA00E62428BAE79C892 /* Info.plist */,
			);
			name = Resources;
			sourceTree = "<group>";
		};
/* End PBXGroup section */

/* Begin PBXNativeTarget section */
		00692BCE14FF149000D0A05E /* TuioGateway */ = {
			isa = PBXNativeTarget;
			buildConfigurationList = 00692BF514FF149000D0A05E /* Build configuration list for PBXNativeTarget "TuioGateway" */;
			buildPhases = (
				00692BCB14FF149000D0A05E /* Sources */,
				00692BCC14FF149000D0A05E /* Frameworks */,
				00692BCD14FF149000D0A05E /* Resources */,
			);
			buildRules = (
			);
			dependencies = (
			);
			name = TuioGateway;
			productName = TuioGateway;
			productReference = 00692BCF14FF149000D0A05E /* TuioGateway.app */;
			productType = "com.apple.product-type.application";
		};
/* End PBXNativeTarget section */

/* Begin PBXProject section */
		00692BC614FF149000D0A05E /* Project object */ = {
			isa = PBXProject;
			buildConfigurationList = 00692BC914FF149000D0A05E /* Build configuration list for PBXProject "TuioGateway" */;
			compatibilityVersion = "Xcode 3.2";
			developmentRegion = English;
			hasScannedForEncodings = 0;
			knownRegions = (
				en,
			);
			mainGroup = 00692BC414FF149000D0A05E;
			productRefGroup = 00692BD014FF149000D0A05E /* Products */;
			projectDirPath = "";
			projectRoot = "";
			targets = (
				00692BCE14FF149000D0A05E /* TuioGateway */,
			);
		};
/* End PBXProject section */

/* Begin PBXResourcesBuildPhase section */
		00692BCD14FF149000D0A05E /* Resources */ = {
			isa = PBXResourcesBuildPhase;
			buildActionMask = 2147483647;
			files = (
				00748058165D41390024B57A /* assets in Resources */,
				4ECF50CAA1894B43963C3FE6 /* CinderApp_ios.png in Resources */,
				D539B0CB0E944893A4845D42 /* Images.xcassets in Resources */,
				887FA17208E04B679EDD680B /* LaunchScreen.xib in Resources */,
			);
			runOnlyForDeploymentPostprocessing = 0;
		};
/* End PBXResourcesBuildPhase section */

/* Begin PBXSourcesBuildPhase section */
		00692BCB14FF149000D0A05E /* Sources */ = {
			isa = PBXSourcesBuildPhase;
			buildActionMask = 2147483647;
			files = (
				1C313554880447CCAEBFEDC0 /* TuioGatewayApp.cpp in Sources */,
				70BECE7A49134E30A6A53396 /* AssetManager.cpp in Sources */,
				10E9C1498634429D99675183 /* MiniConfig.cpp in Sources */,
				03B072ADBE774B72B6451974 /* Osc.cpp in Sources */,
				079FF009BA424F0FAA6538C2 /* Tuio.cpp in Sources */,
			);
			runOnlyForDeploymentPostprocessing = 0;
		};
/* End PBXSourcesBuildPhase section */

/* Begin XCBuildConfiguration section */
		00692BF314FF149000D0A05E /* Debug */ = {
			isa = XCBuildConfiguration;
			buildSettings = {
				ASSETCATALOG_COMPILER_LAUNCHIMAGE_NAME = "LaunchImage";
				DEAD_CODE_STRIPPING = YES;
				CLANG_CXX_LANGUAGE_STANDARD = "c++11";
				CLANG_CXX_LIBRARY = "libc++";
				ARCHS = "armv7 arm64";
				ALWAYS_SEARCH_USER_PATHS = NO;
				"CODE_SIGN_IDENTITY[sdk=iphoneos*]" = "iPhone Developer";
				COPY_PHASE_STRIP = NO;
				GCC_C_LANGUAGE_STANDARD = gnu99;
				GCC_DYNAMIC_NO_PIC = NO;
				GCC_OPTIMIZATION_LEVEL = 0;
				GCC_PREPROCESSOR_DEFINITIONS = (
					"DEBUG=1",
					"$(inherited)",
				);
				GCC_SYMBOLS_PRIVATE_EXTERN = NO;
				GCC_VERSION = com.apple.compilers.llvm.clang.1_0;
				GCC_WARN_ABOUT_MISSING_PROTOTYPES = YES;
				GCC_WARN_ABOUT_RETURN_TYPE = YES;
				GCC_WARN_UNUSED_VARIABLE = YES;
				IPHONEOS_DEPLOYMENT_TARGET = 8.0;
				SDKROOT = iphoneos;
				TARGETED_DEVICE_FAMILY = "1,2";
				CINDER_PATH = "../../../Cinder";
				HEADER_SEARCH_PATHS = "\"$(CINDER_PATH)/include\"";
				USER_HEADER_SEARCH_PATHS = (
					"\"$(CINDER_PATH)/include\" ../include",
					"\"../../../Cinder/blocks/Cinder-VNM/include\"",
					../../../Cinder/blocks,
					../../../Cinder/blocks/OSC/src,
					../../../Cinder/blocks/TUIO/src,
				);
			};
			name = Debug;
		};
		00692BF414FF149000D0A05E /* Release */ = {
			isa = XCBuildConfiguration;
			buildSettings = {
				ASSETCATALOG_COMPILER_LAUNCHIMAGE_NAME = "LaunchImage";
				DEAD_CODE_STRIPPING = YES;
				CLANG_CXX_LANGUAGE_STANDARD = "c++11";
				CLANG_CXX_LIBRARY = "libc++";
				ALWAYS_SEARCH_USER_PATHS = NO;
				ARCHS = "$(ARCHS_STANDARD)";
				"CODE_SIGN_IDENTITY[sdk=iphoneos*]" = "iPhone Developer";
				COPY_PHASE_STRIP = YES;
				GCC_C_LANGUAGE_STANDARD = gnu99;
				GCC_PREPROCESSOR_DEFINITIONS = (
					"NDEBUG=1",
					"$(inherited)",
				);
				GCC_VERSION = com.apple.compilers.llvm.clang.1_0;
				GCC_WARN_ABOUT_MISSING_PROTOTYPES = YES;
				GCC_WARN_ABOUT_RETURN_TYPE = YES;
				GCC_WARN_UNUSED_VARIABLE = YES;
				IPHONEOS_DEPLOYMENT_TARGET = 8.0;
				OTHER_CFLAGS = "-DNS_BLOCK_ASSERTIONS=1";
				SDKROOT = iphoneos;
				TARGETED_DEVICE_FAMILY = "1,2";
				VALIDATE_PRODUCT = YES;
				CINDER_PATH = "../../../Cinder";
				HEADER_SEARCH_PATHS = "\"$(CINDER_PATH)/include\"";
				USER_HEADER_SEARCH_PATHS = (
					"\"$(CINDER_PATH)/include\" ../include",
					"\"../../../Cinder/blocks/Cinder-VNM/include\"",
					../../../Cinder/blocks,
					../../../Cinder/blocks/OSC/src,
					../../../Cinder/blocks/TUIO/src,
				);
			};
			name = Release;
		};
		00692BF614FF149000D0A05E /* Debug */ = {
			isa = XCBuildConfiguration;
			buildSettings = {
				GCC_PRECOMPILE_PREFIX_HEADER = YES;
				GCC_PREFIX_HEADER = "TuioGateway_Prefix.pch";
				INFOPLIST_FILE = "Info.plist";
				PRODUCT_NAME = "$(TARGET_NAME)";
				WRAPPER_EXTENSION = app;
				"OTHER_LDFLAGS[sdk=iphoneos*][arch=*]" = (
					"\"$(CINDER_PATH)/lib/ios/$(CONFIGURATION)/libcinder.a\"",
					"-lz",
				);
				"OTHER_LDFLAGS[sdk=iphonesimulator*][arch=*]" = (
					"\"$(CINDER_PATH)/lib/ios-sim/$(CONFIGURATION)/libcinder.a\"",
					"-lz",
				);
			};
			name = Debug;
		};
		00692BF714FF149000D0A05E /* Release */ = {
			isa = XCBuildConfiguration;
			buildSettings = {
				GCC_PRECOMPILE_PREFIX_HEADER = YES;
				GCC_PREFIX_HEADER = "TuioGateway_Prefix.pch";
				INFOPLIST_FILE = "Info.plist";
				PRODUCT_NAME = "$(TARGET_NAME)";
				WRAPPER_EXTENSION = app;
				"OTHER_LDFLAGS[sdk=iphoneos*][arch=*]" = (
					"\"$(CINDER_PATH)/lib/ios/$(CONFIGURATION)/libcinder.a\"",
					"-lz",
				);
				"OTHER_LDFLAGS[sdk=iphonesimulator*][arch=*]" = (
					"\"$(CINDER_PATH)/lib/ios-sim/$(CONFIGURATION)/libcinder.a\"",
					"-lz",
				);
			};
			name = Release;
		};
/* End XCBuildConfiguration section */

/* Begin XCConfigurationList section */
		00692BC914FF149000D0A05E /* Build configuration list for PBXProject "TuioGateway" */ = {
			isa = XCConfigurationList;
			buildConfigurations = (
				00692BF314FF149000D0A05E /* Debug */,
				00692BF414FF149000D0A05E /* Release */,
			);
			defaultConfigurationIsVisible = 0;
			defaultConfigurationName = Release;
		};
		00692BF514FF149000D0A05E /* Build configuration list for PBXNativeTarget "TuioGateway" */ = {
			isa = XCConfigurationList;
			buildConfigurations = (
				00692BF614FF149000D0A05E /* Debug */,
				00692BF714FF149000D0A05E /* Release */,
			);
			defaultConfigurationIsVisible = 0;
			defaultConfigurationName = Release;
		};
/* End XCConfigurationList section */
	};
	rootObject = 00692BC614FF149000D0A05E /* Project object */;
}
