// !$*UTF8*$!
{
	archiveVersion = 1;
	classes = {
	};
	objectVersion = 46;
	objects = {

/* Begin PBXBuildFile section */
		00748058165D41390024B57A /* assets in Resources */ = {isa = PBXBuildFile; fileRef = 00748057165D41390024B57A /* assets */; };
		0087D25512CD809F002CD69F /* CoreText.framework in Frameworks */ = {isa = PBXBuildFile; fileRef = 0087D25412CD809F002CD69F /* CoreText.framework */; };
		00A66A361965AC8800B17EB3 /* Accelerate.framework in Frameworks */ = {isa = PBXBuildFile; fileRef = 00A66A351965AC8800B17EB3 /* Accelerate.framework */; };
		00CFDF6B1138442D0091E310 /* CoreGraphics.framework in Frameworks */ = {isa = PBXBuildFile; fileRef = 00CFDF6A1138442D0091E310 /* CoreGraphics.framework */; };
		143F586081B9435881D77A95 /* Osc.cpp in Sources */ = {isa = PBXBuildFile; fileRef = FB0E9EF61DB546349B1A723B /* Osc.cpp */; };
		1D60589F0D05DD5A006BFB54 /* Foundation.framework in Frameworks */ = {isa = PBXBuildFile; fileRef = 1D30AB110D05D00D00671497 /* Foundation.framework */; };
		1DF5F4E00D08C38300B7A737 /* UIKit.framework in Frameworks */ = {isa = PBXBuildFile; fileRef = 1DF5F4DF0D08C38300B7A737 /* UIKit.framework */; };
		2447D4379F264E3BBD8CBB82 /* imgui.cpp in Sources */ = {isa = PBXBuildFile; fileRef = D2B0246EC90F4FE99AED379B /* imgui.cpp */; };
		28FD15000DC6FC520079059D /* OpenGLES.framework in Frameworks */ = {isa = PBXBuildFile; fileRef = 28FD14FF0DC6FC520079059D /* OpenGLES.framework */; };
		28FD15080DC6FC5B0079059D /* QuartzCore.framework in Frameworks */ = {isa = PBXBuildFile; fileRef = 28FD15070DC6FC5B0079059D /* QuartzCore.framework */; };
		51F40080CE194912A522834A /* Images.xcassets in Resources */ = {isa = PBXBuildFile; fileRef = 2B4B3EA3319F4AC09D524718 /* Images.xcassets */; };
		5DB8D4C47FD249D0BAF27FAF /* CinderApp_ios.png in Resources */ = {isa = PBXBuildFile; fileRef = D544BB0E17F9448187DA0376 /* CinderApp_ios.png */; };
		624A2277570F469095B6059F /* TuioGatewayApp.cpp in Sources */ = {isa = PBXBuildFile; fileRef = C6D7B9DFF55742B885F42318 /* TuioGatewayApp.cpp */; };
		74930BCE1E1AA8BA0070176F /* AssetManager.cpp in Sources */ = {isa = PBXBuildFile; fileRef = 74930BCC1E1AA8BA0070176F /* AssetManager.cpp */; };
		74930BCF1E1AA8BA0070176F /* MiniConfig.cpp in Sources */ = {isa = PBXBuildFile; fileRef = 74930BCD1E1AA8BA0070176F /* MiniConfig.cpp */; };
		74930BD51E1AB7040070176F /* ImGuizmo.cpp in Sources */ = {isa = PBXBuildFile; fileRef = 74930BD11E1AB7040070176F /* ImGuizmo.cpp */; };
		74930BD61E1AB7040070176F /* LICENSE in Resources */ = {isa = PBXBuildFile; fileRef = 74930BD31E1AB7040070176F /* LICENSE */; };
		74930BD71E1AB7040070176F /* README.md in Sources */ = {isa = PBXBuildFile; fileRef = 74930BD41E1AB7040070176F /* README.md */; };
		839E12B435904DFE8F31DA40 /* LaunchScreen.xib in Resources */ = {isa = PBXBuildFile; fileRef = 126AAB66A4064C45BBDEE544 /* LaunchScreen.xib */; };
		B565FA830DBB459F908ABB2A /* CinderImGui.cpp in Sources */ = {isa = PBXBuildFile; fileRef = E3613DD258654C7BBD0B3367 /* CinderImGui.cpp */; };
		C725DFFE121DAC7F00FA186B /* CoreMedia.framework in Frameworks */ = {isa = PBXBuildFile; fileRef = C727C02B121B400300192073 /* CoreMedia.framework */; settings = {ATTRIBUTES = (Weak, ); }; };
		C725E001121DAC8F00FA186B /* AVFoundation.framework in Frameworks */ = {isa = PBXBuildFile; fileRef = C725E000121DAC8F00FA186B /* AVFoundation.framework */; settings = {ATTRIBUTES = (Weak, ); }; };
		C725E001121DAC8FFFFA18FF /* ImageIO.framework in Frameworks */ = {isa = PBXBuildFile; fileRef = 00CFDF6A1138442D0091FFFF /* ImageIO.framework */; };
		C727C02E121B400300192073 /* CoreVideo.framework in Frameworks */ = {isa = PBXBuildFile; fileRef = C727C02D121B400300192073 /* CoreVideo.framework */; settings = {ATTRIBUTES = (Weak, ); }; };
		C7FB19D6124BC0D70045AFD2 /* AudioToolbox.framework in Frameworks */ = {isa = PBXBuildFile; fileRef = C7FB19D5124BC0D70045AFD2 /* AudioToolbox.framework */; };
		CD9B2C16E85543979EB46B82 /* imgui_draw.cpp in Sources */ = {isa = PBXBuildFile; fileRef = 3A5205C386FA46F68BEE59C2 /* imgui_draw.cpp */; };
		D24A2FCBF2A449E4A493A24C /* Tuio.cpp in Sources */ = {isa = PBXBuildFile; fileRef = 6B2B1814BBC440A19E06F953 /* Tuio.cpp */; };
		DDDDE001121DAC8FFFFADDDD /* MobileCoreServices.framework in Frameworks */ = {isa = PBXBuildFile; fileRef = DDDDDF6A1138442D0091DDDD /* MobileCoreServices.framework */; };
		F5B07DB946CB49ECAFAF8E74 /* imgui_demo.cpp in Sources */ = {isa = PBXBuildFile; fileRef = 0E9649C65A92411FAF323230 /* imgui_demo.cpp */; };
/* End PBXBuildFile section */

/* Begin PBXFileReference section */
		00692BCF14FF149000D0A05E /* TuioGateway.app */ = {isa = PBXFileReference; explicitFileType = wrapper.application; includeInIndex = 0; path = TuioGateway.app; sourceTree = BUILT_PRODUCTS_DIR; };
		00748057165D41390024B57A /* assets */ = {isa = PBXFileReference; lastKnownFileType = folder; name = assets; path = ../assets; sourceTree = "<group>"; };
		0087D25412CD809F002CD69F /* CoreText.framework */ = {isa = PBXFileReference; lastKnownFileType = wrapper.framework; name = CoreText.framework; path = System/Library/Frameworks/CoreText.framework; sourceTree = SDKROOT; };
		00A66A351965AC8800B17EB3 /* Accelerate.framework */ = {isa = PBXFileReference; lastKnownFileType = wrapper.framework; name = Accelerate.framework; path = System/Library/Frameworks/Accelerate.framework; sourceTree = SDKROOT; };
		00CFDF6A1138442D0091E310 /* CoreGraphics.framework */ = {isa = PBXFileReference; lastKnownFileType = wrapper.framework; name = CoreGraphics.framework; path = System/Library/Frameworks/CoreGraphics.framework; sourceTree = SDKROOT; };
		00CFDF6A1138442D0091FFFF /* ImageIO.framework */ = {isa = PBXFileReference; lastKnownFileType = wrapper.framework; name = ImageIO.framework; path = System/Library/Frameworks/ImageIO.framework; sourceTree = SDKROOT; };
		0E9649C65A92411FAF323230 /* imgui_demo.cpp */ = {isa = PBXFileReference; lastKnownFileType = sourcecode.c.cpp; name = imgui_demo.cpp; path = "../../Cinder/blocks/Cinder-ImGui/lib/imgui/imgui_demo.cpp"; sourceTree = "<group>"; };
		126AAB66A4064C45BBDEE544 /* LaunchScreen.xib */ = {isa = PBXFileReference; lastKnownFileType = "\"\""; path = LaunchScreen.xib; sourceTree = "<group>"; };
		18149E0280D84207848808C9 /* CinderImGui.h */ = {isa = PBXFileReference; lastKnownFileType = sourcecode.c.h; name = CinderImGui.h; path = "../../Cinder/blocks/Cinder-ImGui/include/CinderImGui.h"; sourceTree = "<group>"; };
		1D30AB110D05D00D00671497 /* Foundation.framework */ = {isa = PBXFileReference; lastKnownFileType = wrapper.framework; name = Foundation.framework; path = System/Library/Frameworks/Foundation.framework; sourceTree = SDKROOT; };
		1DF5F4DF0D08C38300B7A737 /* UIKit.framework */ = {isa = PBXFileReference; lastKnownFileType = wrapper.framework; name = UIKit.framework; path = System/Library/Frameworks/UIKit.framework; sourceTree = SDKROOT; };
		2707A76AE0E744FCBC260609 /* imgui_internal.h */ = {isa = PBXFileReference; lastKnownFileType = sourcecode.c.h; name = imgui_internal.h; path = "../../Cinder/blocks/Cinder-ImGui/lib/imgui/imgui_internal.h"; sourceTree = "<group>"; };
		28FD14FF0DC6FC520079059D /* OpenGLES.framework */ = {isa = PBXFileReference; lastKnownFileType = wrapper.framework; name = OpenGLES.framework; path = System/Library/Frameworks/OpenGLES.framework; sourceTree = SDKROOT; };
		28FD15070DC6FC5B0079059D /* QuartzCore.framework */ = {isa = PBXFileReference; lastKnownFileType = wrapper.framework; name = QuartzCore.framework; path = System/Library/Frameworks/QuartzCore.framework; sourceTree = SDKROOT; };
		2B4B3EA3319F4AC09D524718 /* Images.xcassets */ = {isa = PBXFileReference; lastKnownFileType = "\"\""; path = Images.xcassets; sourceTree = "<group>"; };
		3A5205C386FA46F68BEE59C2 /* imgui_draw.cpp */ = {isa = PBXFileReference; lastKnownFileType = sourcecode.c.cpp; name = imgui_draw.cpp; path = "../../Cinder/blocks/Cinder-ImGui/lib/imgui/imgui_draw.cpp"; sourceTree = "<group>"; };
		507CD5807B8B471D804F72FB /* item.def */ = {isa = PBXFileReference; lastKnownFileType = "\"\""; name = item.def; path = ../include/item.def; sourceTree = "<group>"; };
		6B2B1814BBC440A19E06F953 /* Tuio.cpp */ = {isa = PBXFileReference; lastKnownFileType = sourcecode.c.cpp; name = Tuio.cpp; path = ../../Cinder/blocks/TUIO/src/cinder/tuio/Tuio.cpp; sourceTree = "<group>"; };
		74930BC11E1AA8BA0070176F /* AssetManager.h */ = {isa = PBXFileReference; fileEncoding = 4; lastKnownFileType = sourcecode.c.h; path = AssetManager.h; sourceTree = "<group>"; };
		74930BC21E1AA8BA0070176F /* CaptureHelper.h */ = {isa = PBXFileReference; fileEncoding = 4; lastKnownFileType = sourcecode.c.h; path = CaptureHelper.h; sourceTree = "<group>"; };
		74930BC31E1AA8BA0070176F /* FontHelper.h */ = {isa = PBXFileReference; fileEncoding = 4; lastKnownFileType = sourcecode.c.h; path = FontHelper.h; sourceTree = "<group>"; };
		74930BC41E1AA8BA0070176F /* GlslParamsBuilder.h */ = {isa = PBXFileReference; fileEncoding = 4; lastKnownFileType = sourcecode.c.h; path = GlslParamsBuilder.h; sourceTree = "<group>"; };
		74930BC51E1AA8BA0070176F /* GlslParamsBuilderImgui.h */ = {isa = PBXFileReference; fileEncoding = 4; lastKnownFileType = sourcecode.c.h; path = GlslParamsBuilderImgui.h; sourceTree = "<group>"; };
		74930BC61E1AA8BA0070176F /* MiniConfig.h */ = {isa = PBXFileReference; fileEncoding = 4; lastKnownFileType = sourcecode.c.h; path = MiniConfig.h; sourceTree = "<group>"; };
		74930BC71E1AA8BA0070176F /* MiniConfigImgui.h */ = {isa = PBXFileReference; fileEncoding = 4; lastKnownFileType = sourcecode.c.h; path = MiniConfigImgui.h; sourceTree = "<group>"; };
		74930BC81E1AA8BA0070176F /* MotionHelper.h */ = {isa = PBXFileReference; fileEncoding = 4; lastKnownFileType = sourcecode.c.h; path = MotionHelper.h; sourceTree = "<group>"; };
		74930BC91E1AA8BA0070176F /* StateMachine.h */ = {isa = PBXFileReference; fileEncoding = 4; lastKnownFileType = sourcecode.c.h; path = StateMachine.h; sourceTree = "<group>"; };
		74930BCA1E1AA8BA0070176F /* TextureHelper.h */ = {isa = PBXFileReference; fileEncoding = 4; lastKnownFileType = sourcecode.c.h; path = TextureHelper.h; sourceTree = "<group>"; };
		74930BCC1E1AA8BA0070176F /* AssetManager.cpp */ = {isa = PBXFileReference; fileEncoding = 4; lastKnownFileType = sourcecode.cpp.cpp; path = AssetManager.cpp; sourceTree = "<group>"; };
		74930BCD1E1AA8BA0070176F /* MiniConfig.cpp */ = {isa = PBXFileReference; fileEncoding = 4; lastKnownFileType = sourcecode.cpp.cpp; path = MiniConfig.cpp; sourceTree = "<group>"; };
		74930BD11E1AB7040070176F /* ImGuizmo.cpp */ = {isa = PBXFileReference; fileEncoding = 4; lastKnownFileType = sourcecode.cpp.cpp; path = ImGuizmo.cpp; sourceTree = "<group>"; };
		74930BD21E1AB7040070176F /* ImGuizmo.h */ = {isa = PBXFileReference; fileEncoding = 4; lastKnownFileType = sourcecode.c.h; path = ImGuizmo.h; sourceTree = "<group>"; };
		74930BD31E1AB7040070176F /* LICENSE */ = {isa = PBXFileReference; fileEncoding = 4; lastKnownFileType = text; path = LICENSE; sourceTree = "<group>"; };
		74930BD41E1AB7040070176F /* README.md */ = {isa = PBXFileReference; fileEncoding = 4; lastKnownFileType = net.daringfireball.markdown; path = README.md; sourceTree = "<group>"; };
		85BDE4D09AF1419F992EF3FF /* imgui.h */ = {isa = PBXFileReference; lastKnownFileType = sourcecode.c.h; name = imgui.h; path = "../../Cinder/blocks/Cinder-ImGui/lib/imgui/imgui.h"; sourceTree = "<group>"; };
		893BC695FDC74D779D65C10C /* TuioGateway_Prefix.pch */ = {isa = PBXFileReference; lastKnownFileType = "\"\""; path = TuioGateway_Prefix.pch; sourceTree = "<group>"; };
		8F6376BCFB704244AB88ED50 /* Tuio.h */ = {isa = PBXFileReference; lastKnownFileType = sourcecode.c.h; name = Tuio.h; path = ../../Cinder/blocks/TUIO/src/cinder/tuio/Tuio.h; sourceTree = "<group>"; };
		90CAF52C79D448139F2F8FAC /* imconfig.h */ = {isa = PBXFileReference; lastKnownFileType = sourcecode.c.h; name = imconfig.h; path = "../../Cinder/blocks/Cinder-ImGui/lib/imgui/imconfig.h"; sourceTree = "<group>"; };
		96B3B206EE5544EE87944D14 /* Osc.h */ = {isa = PBXFileReference; lastKnownFileType = sourcecode.c.h; name = Osc.h; path = ../../Cinder/blocks/OSC/src/cinder/osc/Osc.h; sourceTree = "<group>"; };
		C6D7B9DFF55742B885F42318 /* TuioGatewayApp.cpp */ = {isa = PBXFileReference; lastKnownFileType = sourcecode.c.cpp; name = TuioGatewayApp.cpp; path = ../src/TuioGatewayApp.cpp; sourceTree = "<group>"; };
		C701C3A20F544BEFAA08BB7F /* Info.plist */ = {isa = PBXFileReference; lastKnownFileType = text.plist.xml; path = Info.plist; sourceTree = "<group>"; };
		C725E000121DAC8F00FA186B /* AVFoundation.framework */ = {isa = PBXFileReference; lastKnownFileType = wrapper.framework; name = AVFoundation.framework; path = System/Library/Frameworks/AVFoundation.framework; sourceTree = SDKROOT; };
		C727C02B121B400300192073 /* CoreMedia.framework */ = {isa = PBXFileReference; lastKnownFileType = wrapper.framework; name = CoreMedia.framework; path = System/Library/Frameworks/CoreMedia.framework; sourceTree = SDKROOT; };
		C727C02D121B400300192073 /* CoreVideo.framework */ = {isa = PBXFileReference; lastKnownFileType = wrapper.framework; name = CoreVideo.framework; path = System/Library/Frameworks/CoreVideo.framework; sourceTree = SDKROOT; };
		C7FB19D5124BC0D70045AFD2 /* AudioToolbox.framework */ = {isa = PBXFileReference; lastKnownFileType = wrapper.framework; name = AudioToolbox.framework; path = System/Library/Frameworks/AudioToolbox.framework; sourceTree = SDKROOT; };
		D2B0246EC90F4FE99AED379B /* imgui.cpp */ = {isa = PBXFileReference; lastKnownFileType = sourcecode.c.cpp; name = imgui.cpp; path = "../../Cinder/blocks/Cinder-ImGui/lib/imgui/imgui.cpp"; sourceTree = "<group>"; };
		D544BB0E17F9448187DA0376 /* CinderApp_ios.png */ = {isa = PBXFileReference; lastKnownFileType = "\"\""; name = CinderApp_ios.png; path = ../resources/CinderApp_ios.png; sourceTree = "<group>"; };
		DDDDDF6A1138442D0091DDDD /* MobileCoreServices.framework */ = {isa = PBXFileReference; lastKnownFileType = wrapper.framework; name = MobileCoreServices.framework; path = System/Library/Frameworks/MobileCoreServices.framework; sourceTree = SDKROOT; };
		E3613DD258654C7BBD0B3367 /* CinderImGui.cpp */ = {isa = PBXFileReference; lastKnownFileType = sourcecode.c.cpp; name = CinderImGui.cpp; path = "../../Cinder/blocks/Cinder-ImGui/src/CinderImGui.cpp"; sourceTree = "<group>"; };
		FAE977B07A0F45AD9F87D19D /* Resources.h */ = {isa = PBXFileReference; lastKnownFileType = sourcecode.c.h; name = Resources.h; path = ../include/Resources.h; sourceTree = "<group>"; };
		FB0E9EF61DB546349B1A723B /* Osc.cpp */ = {isa = PBXFileReference; lastKnownFileType = sourcecode.c.cpp; name = Osc.cpp; path = ../../Cinder/blocks/OSC/src/cinder/osc/Osc.cpp; sourceTree = "<group>"; };
/* End PBXFileReference section */

/* Begin PBXFrameworksBuildPhase section */
		00692BCC14FF149000D0A05E /* Frameworks */ = {
			isa = PBXFrameworksBuildPhase;
			buildActionMask = 2147483647;
			files = (
				C725E001121DAC8F00FA186B /* AVFoundation.framework in Frameworks */,
				C725DFFE121DAC7F00FA186B /* CoreMedia.framework in Frameworks */,
				C725E001121DAC8FFFFA18FF /* ImageIO.framework in Frameworks */,
				DDDDE001121DAC8FFFFADDDD /* MobileCoreServices.framework in Frameworks */,
				1D60589F0D05DD5A006BFB54 /* Foundation.framework in Frameworks */,
				1DF5F4E00D08C38300B7A737 /* UIKit.framework in Frameworks */,
				28FD15000DC6FC520079059D /* OpenGLES.framework in Frameworks */,
				28FD15080DC6FC5B0079059D /* QuartzCore.framework in Frameworks */,
				00CFDF6B1138442D0091E310 /* CoreGraphics.framework in Frameworks */,
				C727C02E121B400300192073 /* CoreVideo.framework in Frameworks */,
				C7FB19D6124BC0D70045AFD2 /* AudioToolbox.framework in Frameworks */,
				00A66A361965AC8800B17EB3 /* Accelerate.framework in Frameworks */,
				0087D25512CD809F002CD69F /* CoreText.framework in Frameworks */,
			);
			runOnlyForDeploymentPostprocessing = 0;
		};
/* End PBXFrameworksBuildPhase section */

/* Begin PBXGroup section */
		00692BC414FF149000D0A05E = {
			isa = PBXGroup;
			children = (
				99692BD914FF149000DFFFFF /* Blocks */,
				99692BD914FF149000D0A05F /* Headers */,
				00692BD914FF149000D0A05E /* Source */,
				00692BD914FF149000D0FFFF /* Resources */,
				00692BD214FF149000D0A05E /* Frameworks */,
				00692BD014FF149000D0A05E /* Products */,
			);
			sourceTree = "<group>";
		};
		00692BD014FF149000D0A05E /* Products */ = {
			isa = PBXGroup;
			children = (
				00692BCF14FF149000D0A05E /* TuioGateway.app */,
			);
			name = Products;
			sourceTree = "<group>";
		};
		00692BD214FF149000D0A05E /* Frameworks */ = {
			isa = PBXGroup;
			children = (
				C7FB19D5124BC0D70045AFD2 /* AudioToolbox.framework */,
				00A66A351965AC8800B17EB3 /* Accelerate.framework */,
				C727C02B121B400300192073 /* CoreMedia.framework */,
				C727C02D121B400300192073 /* CoreVideo.framework */,
				28FD15070DC6FC5B0079059D /* QuartzCore.framework */,
				28FD14FF0DC6FC520079059D /* OpenGLES.framework */,
				1DF5F4DF0D08C38300B7A737 /* UIKit.framework */,
				1D30AB110D05D00D00671497 /* Foundation.framework */,
				00CFDF6A1138442D0091E310 /* CoreGraphics.framework */,
				00CFDF6A1138442D0091FFFF /* ImageIO.framework */,
				DDDDDF6A1138442D0091DDDD /* MobileCoreServices.framework */,
				C725E000121DAC8F00FA186B /* AVFoundation.framework */,
				0087D25412CD809F002CD69F /* CoreText.framework */,
			);
			name = Frameworks;
			sourceTree = "<group>";
		};
		00692BD914FF149000D0A05E /* Source */ = {
			isa = PBXGroup;
			children = (
				C6D7B9DFF55742B885F42318 /* TuioGatewayApp.cpp */,
			);
			name = Source;
			sourceTree = "<group>";
		};
		00692BD914FF149000D0FFFF /* Resources */ = {
			isa = PBXGroup;
			children = (
				00748057165D41390024B57A /* assets */,
				D544BB0E17F9448187DA0376 /* CinderApp_ios.png */,
				2B4B3EA3319F4AC09D524718 /* Images.xcassets */,
				126AAB66A4064C45BBDEE544 /* LaunchScreen.xib */,
				C701C3A20F544BEFAA08BB7F /* Info.plist */,
			);
			name = Resources;
			sourceTree = "<group>";
		};
		06790A34E2D04D01B5320FA8 /* lib */ = {
			isa = PBXGroup;
			children = (
				40DCA37C54E84D3BBD01FB2B /* imgui */,
			);
			name = lib;
			sourceTree = "<group>";
		};
		0C2FF94004BA4910AAF4703B /* cinder */ = {
			isa = PBXGroup;
			children = (
				679C55FA9A8B4956917BDDC1 /* tuio */,
			);
			name = cinder;
			sourceTree = "<group>";
		};
		16218B8606084CE597A0E8CF /* vnm */ = {
			isa = PBXGroup;
			children = (
				74930BC01E1AA8BA0070176F /* include */,
				74930BCB1E1AA8BA0070176F /* src */,
			);
			name = vnm;
			sourceTree = "<group>";
		};
		40DCA37C54E84D3BBD01FB2B /* imgui */ = {
			isa = PBXGroup;
			children = (
				90CAF52C79D448139F2F8FAC /* imconfig.h */,
				85BDE4D09AF1419F992EF3FF /* imgui.h */,
				2707A76AE0E744FCBC260609 /* imgui_internal.h */,
				74930BD01E1AB7040070176F /* ImGuizmo */,
				D2B0246EC90F4FE99AED379B /* imgui.cpp */,
				3A5205C386FA46F68BEE59C2 /* imgui_draw.cpp */,
				0E9649C65A92411FAF323230 /* imgui_demo.cpp */,
			);
			name = imgui;
			sourceTree = "<group>";
		};
		60B7528EE87B4B9C8EF1F4AF /* ImGui */ = {
			isa = PBXGroup;
			children = (
				F21173FA7472401AAF1E9514 /* include */,
				06790A34E2D04D01B5320FA8 /* lib */,
				C72D956174FE401EAA73EF1A /* src */,
			);
			name = ImGui;
			sourceTree = "<group>";
		};
		679C55FA9A8B4956917BDDC1 /* tuio */ = {
			isa = PBXGroup;
			children = (
				6B2B1814BBC440A19E06F953 /* Tuio.cpp */,
				8F6376BCFB704244AB88ED50 /* Tuio.h */,
			);
			name = tuio;
			sourceTree = "<group>";
		};
		74930BC01E1AA8BA0070176F /* include */ = {
			isa = PBXGroup;
			children = (
				74930BC11E1AA8BA0070176F /* AssetManager.h */,
				74930BC21E1AA8BA0070176F /* CaptureHelper.h */,
				74930BC31E1AA8BA0070176F /* FontHelper.h */,
				74930BC41E1AA8BA0070176F /* GlslParamsBuilder.h */,
				74930BC51E1AA8BA0070176F /* GlslParamsBuilderImgui.h */,
				74930BC61E1AA8BA0070176F /* MiniConfig.h */,
				74930BC71E1AA8BA0070176F /* MiniConfigImgui.h */,
				74930BC81E1AA8BA0070176F /* MotionHelper.h */,
				74930BC91E1AA8BA0070176F /* StateMachine.h */,
				74930BCA1E1AA8BA0070176F /* TextureHelper.h */,
			);
			name = include;
			path = "../../Cinder/blocks/Cinder-VNM/include";
			sourceTree = "<group>";
		};
		74930BCB1E1AA8BA0070176F /* src */ = {
			isa = PBXGroup;
			children = (
				74930BCC1E1AA8BA0070176F /* AssetManager.cpp */,
				74930BCD1E1AA8BA0070176F /* MiniConfig.cpp */,
			);
			name = src;
			path = "../../Cinder/blocks/Cinder-VNM/src";
			sourceTree = "<group>";
		};
		74930BD01E1AB7040070176F /* ImGuizmo */ = {
			isa = PBXGroup;
			children = (
				74930BD11E1AB7040070176F /* ImGuizmo.cpp */,
				74930BD21E1AB7040070176F /* ImGuizmo.h */,
				74930BD31E1AB7040070176F /* LICENSE */,
				74930BD41E1AB7040070176F /* README.md */,
			);
			name = ImGuizmo;
			path = "../../Cinder/blocks/Cinder-ImGui/lib/ImGuizmo";
			sourceTree = "<group>";
		};
		99692BD914FF149000D0A05F /* Headers */ = {
			isa = PBXGroup;
			children = (
				FAE977B07A0F45AD9F87D19D /* Resources.h */,
				893BC695FDC74D779D65C10C /* TuioGateway_Prefix.pch */,
				507CD5807B8B471D804F72FB /* item.def */,
			);
			name = Headers;
			sourceTree = "<group>";
		};
		99692BD914FF149000DFFFFF /* Blocks */ = {
			isa = PBXGroup;
			children = (
				60B7528EE87B4B9C8EF1F4AF /* ImGui */,
				16218B8606084CE597A0E8CF /* vnm */,
				F0FF1E58EA264E1BA703086A /* OSC */,
				F814ED8E7CBC47E0A5FC529F /* TUIO */,
			);
			name = Blocks;
			sourceTree = "<group>";
		};
		C72D956174FE401EAA73EF1A /* src */ = {
			isa = PBXGroup;
			children = (
				E3613DD258654C7BBD0B3367 /* CinderImGui.cpp */,
			);
			name = src;
			sourceTree = "<group>";
		};
		D55BBBF7075541F7BE81B74D /* osc */ = {
			isa = PBXGroup;
			children = (
				FB0E9EF61DB546349B1A723B /* Osc.cpp */,
				96B3B206EE5544EE87944D14 /* Osc.h */,
			);
			name = osc;
			sourceTree = "<group>";
		};
		F0FF1E58EA264E1BA703086A /* OSC */ = {
			isa = PBXGroup;
			children = (
				F61FDD1C9A33444997EA85D5 /* src */,
			);
			name = OSC;
			sourceTree = "<group>";
		};
		F21173FA7472401AAF1E9514 /* include */ = {
			isa = PBXGroup;
			children = (
				18149E0280D84207848808C9 /* CinderImGui.h */,
			);
			name = include;
			sourceTree = "<group>";
		};
		F5B8E4AFCE7D432AA42B834D /* src */ = {
			isa = PBXGroup;
			children = (
				0C2FF94004BA4910AAF4703B /* cinder */,
			);
			name = src;
			sourceTree = "<group>";
		};
		F61FDD1C9A33444997EA85D5 /* src */ = {
			isa = PBXGroup;
			children = (
				FF736EB7870142A7A48DBB9E /* cinder */,
			);
			name = src;
			sourceTree = "<group>";
		};
		F814ED8E7CBC47E0A5FC529F /* TUIO */ = {
			isa = PBXGroup;
			children = (
				F5B8E4AFCE7D432AA42B834D /* src */,
			);
			name = TUIO;
			sourceTree = "<group>";
		};
		FF736EB7870142A7A48DBB9E /* cinder */ = {
			isa = PBXGroup;
			children = (
				D55BBBF7075541F7BE81B74D /* osc */,
			);
			name = cinder;
			sourceTree = "<group>";
		};
/* End PBXGroup section */

/* Begin PBXNativeTarget section */
		00692BCE14FF149000D0A05E /* TuioGateway */ = {
			isa = PBXNativeTarget;
			buildConfigurationList = 00692BF514FF149000D0A05E /* Build configuration list for PBXNativeTarget "TuioGateway" */;
			buildPhases = (
				00692BCB14FF149000D0A05E /* Sources */,
				00692BCC14FF149000D0A05E /* Frameworks */,
				00692BCD14FF149000D0A05E /* Resources */,
			);
			buildRules = (
			);
			dependencies = (
			);
			name = TuioGateway;
			productName = TuioGateway;
			productReference = 00692BCF14FF149000D0A05E /* TuioGateway.app */;
			productType = "com.apple.product-type.application";
		};
/* End PBXNativeTarget section */

/* Begin PBXProject section */
		00692BC614FF149000D0A05E /* Project object */ = {
			isa = PBXProject;
			attributes = {
			};
			buildConfigurationList = 00692BC914FF149000D0A05E /* Build configuration list for PBXProject "TuioGateway" */;
			compatibilityVersion = "Xcode 3.2";
			developmentRegion = English;
			hasScannedForEncodings = 0;
			knownRegions = (
				en,
			);
			mainGroup = 00692BC414FF149000D0A05E;
			productRefGroup = 00692BD014FF149000D0A05E /* Products */;
			projectDirPath = "";
			projectRoot = "";
			targets = (
				00692BCE14FF149000D0A05E /* TuioGateway */,
			);
		};
/* End PBXProject section */

/* Begin PBXResourcesBuildPhase section */
		00692BCD14FF149000D0A05E /* Resources */ = {
			isa = PBXResourcesBuildPhase;
			buildActionMask = 2147483647;
			files = (
				00748058165D41390024B57A /* assets in Resources */,
				5DB8D4C47FD249D0BAF27FAF /* CinderApp_ios.png in Resources */,
				51F40080CE194912A522834A /* Images.xcassets in Resources */,
				839E12B435904DFE8F31DA40 /* LaunchScreen.xib in Resources */,
				74930BD61E1AB7040070176F /* LICENSE in Resources */,
			);
			runOnlyForDeploymentPostprocessing = 0;
		};
/* End PBXResourcesBuildPhase section */

/* Begin PBXSourcesBuildPhase section */
		00692BCB14FF149000D0A05E /* Sources */ = {
			isa = PBXSourcesBuildPhase;
			buildActionMask = 2147483647;
			files = (
				74930BD51E1AB7040070176F /* ImGuizmo.cpp in Sources */,
				74930BCF1E1AA8BA0070176F /* MiniConfig.cpp in Sources */,
				624A2277570F469095B6059F /* TuioGatewayApp.cpp in Sources */,
				B565FA830DBB459F908ABB2A /* CinderImGui.cpp in Sources */,
				2447D4379F264E3BBD8CBB82 /* imgui.cpp in Sources */,
				CD9B2C16E85543979EB46B82 /* imgui_draw.cpp in Sources */,
				74930BCE1E1AA8BA0070176F /* AssetManager.cpp in Sources */,
				F5B07DB946CB49ECAFAF8E74 /* imgui_demo.cpp in Sources */,
				143F586081B9435881D77A95 /* Osc.cpp in Sources */,
				74930BD71E1AB7040070176F /* README.md in Sources */,
				D24A2FCBF2A449E4A493A24C /* Tuio.cpp in Sources */,
			);
			runOnlyForDeploymentPostprocessing = 0;
		};
/* End PBXSourcesBuildPhase section */

/* Begin XCBuildConfiguration section */
		00692BF314FF149000D0A05E /* Debug */ = {
			isa = XCBuildConfiguration;
			buildSettings = {
				ALWAYS_SEARCH_USER_PATHS = NO;
				ARCHS = (
					armv7,
					arm64,
				);
				ASSETCATALOG_COMPILER_LAUNCHIMAGE_NAME = LaunchImage;
				CINDER_PATH = ../../Cinder;
				CLANG_CXX_LANGUAGE_STANDARD = "c++11";
				CLANG_CXX_LIBRARY = "libc++";
				"CODE_SIGN_IDENTITY[sdk=iphoneos*]" = "iPhone Developer";
				COPY_PHASE_STRIP = NO;
				DEAD_CODE_STRIPPING = YES;
				GCC_C_LANGUAGE_STANDARD = gnu99;
				GCC_DYNAMIC_NO_PIC = NO;
				GCC_OPTIMIZATION_LEVEL = 0;
				GCC_PREPROCESSOR_DEFINITIONS = (
					"DEBUG=1",
					"$(inherited)",
				);
				GCC_SYMBOLS_PRIVATE_EXTERN = NO;
				GCC_VERSION = com.apple.compilers.llvm.clang.1_0;
				GCC_WARN_ABOUT_MISSING_PROTOTYPES = YES;
				GCC_WARN_ABOUT_RETURN_TYPE = YES;
				GCC_WARN_UNUSED_VARIABLE = YES;
				HEADER_SEARCH_PATHS = "\"$(CINDER_PATH)/include\"";
				IPHONEOS_DEPLOYMENT_TARGET = 6.0;
				SDKROOT = iphoneos;
				TARGETED_DEVICE_FAMILY = "1,2";
				USER_HEADER_SEARCH_PATHS = "\"$(CINDER_PATH)/include\" ../include \"../../Cinder/blocks/Cinder-ImGui/lib/imgui\" \"../../Cinder/blocks/Cinder-ImGui/include\" ../blocks/vnm/include ../../Cinder/blocks/OSC/src ../../Cinder/blocks/TUIO/src";
			};
			name = Debug;
		};
		00692BF414FF149000D0A05E /* Release */ = {
			isa = XCBuildConfiguration;
			buildSettings = {
				ALWAYS_SEARCH_USER_PATHS = NO;
				ARCHS = "$(ARCHS_STANDARD)";
				ASSETCATALOG_COMPILER_LAUNCHIMAGE_NAME = LaunchImage;
				CINDER_PATH = ../../Cinder;
				CLANG_CXX_LANGUAGE_STANDARD = "c++11";
				CLANG_CXX_LIBRARY = "libc++";
				"CODE_SIGN_IDENTITY[sdk=iphoneos*]" = "iPhone Developer";
				COPY_PHASE_STRIP = YES;
				DEAD_CODE_STRIPPING = YES;
				GCC_C_LANGUAGE_STANDARD = gnu99;
				GCC_PREPROCESSOR_DEFINITIONS = (
					"NDEBUG=1",
					"$(inherited)",
				);
				GCC_VERSION = com.apple.compilers.llvm.clang.1_0;
				GCC_WARN_ABOUT_MISSING_PROTOTYPES = YES;
				GCC_WARN_ABOUT_RETURN_TYPE = YES;
				GCC_WARN_UNUSED_VARIABLE = YES;
				HEADER_SEARCH_PATHS = "\"$(CINDER_PATH)/include\"";
				IPHONEOS_DEPLOYMENT_TARGET = 6.0;
				OTHER_CFLAGS = "-DNS_BLOCK_ASSERTIONS=1";
				SDKROOT = iphoneos;
				TARGETED_DEVICE_FAMILY = "1,2";
				USER_HEADER_SEARCH_PATHS = "\"$(CINDER_PATH)/include\" ../include \"../../Cinder/blocks/Cinder-ImGui/lib/imgui\" \"../../Cinder/blocks/Cinder-ImGui/include\" ../blocks/vnm/include ../../Cinder/blocks/OSC/src ../../Cinder/blocks/TUIO/src";
				VALIDATE_PRODUCT = YES;
			};
			name = Release;
		};
		00692BF614FF149000D0A05E /* Debug */ = {
			isa = XCBuildConfiguration;
			buildSettings = {
				GCC_PRECOMPILE_PREFIX_HEADER = YES;
				GCC_PREFIX_HEADER = TuioGateway_Prefix.pch;
				INFOPLIST_FILE = Info.plist;
				"OTHER_LDFLAGS[sdk=iphoneos*][arch=*]" = (
					"\"$(CINDER_PATH)/lib/ios/$(CONFIGURATION)/libcinder.a\"",
					"-lz",
				);
				"OTHER_LDFLAGS[sdk=iphonesimulator*][arch=*]" = (
					"\"$(CINDER_PATH)/lib/ios-sim/$(CONFIGURATION)/libcinder.a\"",
					"-lz",
				);
				PRODUCT_NAME = "$(TARGET_NAME)";
				WRAPPER_EXTENSION = app;
			};
			name = Debug;
		};
		00692BF714FF149000D0A05E /* Release */ = {
			isa = XCBuildConfiguration;
			buildSettings = {
				GCC_PRECOMPILE_PREFIX_HEADER = YES;
				GCC_PREFIX_HEADER = TuioGateway_Prefix.pch;
				INFOPLIST_FILE = Info.plist;
				"OTHER_LDFLAGS[sdk=iphoneos*][arch=*]" = (
					"\"$(CINDER_PATH)/lib/ios/$(CONFIGURATION)/libcinder.a\"",
					"-lz",
				);
				"OTHER_LDFLAGS[sdk=iphonesimulator*][arch=*]" = (
					"\"$(CINDER_PATH)/lib/ios-sim/$(CONFIGURATION)/libcinder.a\"",
					"-lz",
				);
				PRODUCT_NAME = "$(TARGET_NAME)";
				WRAPPER_EXTENSION = app;
			};
			name = Release;
		};
/* End XCBuildConfiguration section */

/* Begin XCConfigurationList section */
		00692BC914FF149000D0A05E /* Build configuration list for PBXProject "TuioGateway" */ = {
			isa = XCConfigurationList;
			buildConfigurations = (
				00692BF314FF149000D0A05E /* Debug */,
				00692BF414FF149000D0A05E /* Release */,
			);
			defaultConfigurationIsVisible = 0;
			defaultConfigurationName = Release;
		};
		00692BF514FF149000D0A05E /* Build configuration list for PBXNativeTarget "TuioGateway" */ = {
			isa = XCConfigurationList;
			buildConfigurations = (
				00692BF614FF149000D0A05E /* Debug */,
				00692BF714FF149000D0A05E /* Release */,
			);
			defaultConfigurationIsVisible = 0;
			defaultConfigurationName = Release;
		};
/* End XCConfigurationList section */
	};
	rootObject = 00692BC614FF149000D0A05E /* Project object */;
}
